<?xml version="1.0" encoding="utf-8"?>
<Project ToolsVersion="4.0" xmlns="http://schemas.microsoft.com/developer/msbuild/2003">
  <!-- Shader Files -->
  <ItemGroup>
    <FxCompile Include="Shaders\Effects\Decal.hlsl">
      <Filter>Shaders\Effects</Filter>
    </FxCompile>
    <FxCompile Include="Shaders\PostProcess\HeightFog_PS.hlsl">
      <Filter>Shaders\PostProcess</Filter>
    </FxCompile>
    <FxCompile Include="Shaders\PostProcess\TileDebugVisualization_PS.hlsl">
      <Filter>Shaders\PostProcess</Filter>
    </FxCompile>
    <FxCompile Include="Shaders\PostProcess\FXAA_PS.hlsl">
      <Filter>Shaders\PostProcess</Filter>
    </FxCompile>
    <FxCompile Include="Shaders\Utility\Blit_PS.hlsl">
      <Filter>Shaders\Utility</Filter>
    </FxCompile>
    <FxCompile Include="Shaders\Utility\FullScreenTriangle_VS.hlsl">
      <Filter>Shaders\Utility</Filter>
    </FxCompile>
    <FxCompile Include="Shaders\Utility\SceneDepth_PS.hlsl">
      <Filter>Shaders\Utility</Filter>
    </FxCompile>
    <FxCompile Include="Shaders\UI\Billboard.hlsl">
      <Filter>Shaders\UI</Filter>
    </FxCompile>
    <FxCompile Include="Shaders\UI\Gizmo.hlsl">
      <Filter>Shaders\UI</Filter>
    </FxCompile>
    <FxCompile Include="Shaders\UI\ShaderLine.hlsl">
      <Filter>Shaders\UI</Filter>
    </FxCompile>
    <FxCompile Include="Shaders\UI\TextBillboard.hlsl">
      <Filter>Shaders\UI</Filter>
    </FxCompile>
    <FxCompile Include="Shaders\Materials\Fireball.hlsl">
      <Filter>Shaders\Materials</Filter>
    </FxCompile>
    <FxCompile Include="Shaders\Materials\UberLit.hlsl">
      <Filter>Shaders\Materials</Filter>
    </FxCompile>
    <FxCompile Include="Shaders\Common\LightingBuffers.hlsl">
      <Filter>Shaders\Common</Filter>
    </FxCompile>
    <FxCompile Include="Shaders\Common\LightingCommon.hlsl">
      <Filter>Shaders\Common</Filter>
    </FxCompile>
    <FxCompile Include="Shaders\Common\LightStructures.hlsl">
      <Filter>Shaders\Common</Filter>
    </FxCompile>
    <FxCompile Include="Shaders\Shadows\DepthOnly_PS.hlsl">
      <Filter>Shaders\Shadows</Filter>
    </FxCompile>
    <FxCompile Include="Shaders\Shadows\DepthOnly_VS.hlsl">
      <Filter>Shaders\Shadows</Filter>
    </FxCompile>
  </ItemGroup>
  <!-- Root Files -->
  <ItemGroup>
    <ClCompile Include="pch.cpp" />
    <ClCompile Include="main.cpp" />
    <ClCompile Include="Source\Runtime\Engine\GameFramework\TileMapActor.cpp">
      <Filter>Source\Runtime\Engine\GameFramework</Filter>
    </ClCompile>
    <ClCompile Include="Source\Runtime\Engine\GameFramework\AmbientLightActor.cpp">
      <Filter>Source\Runtime\Engine\GameFramework</Filter>
    </ClCompile>
    <ClCompile Include="Source\Runtime\Engine\GameFramework\DirectionalLightActor.cpp">
      <Filter>Source\Runtime\Engine\GameFramework</Filter>
    </ClCompile>
    <ClCompile Include="Source\Runtime\Engine\GameFramework\EmptyActor.cpp">
      <Filter>Source\Runtime\Engine\GameFramework</Filter>
    </ClCompile>
    <ClCompile Include="Source\Runtime\Engine\GameFramework\HeightFogActor.cpp">
      <Filter>Source\Runtime\Engine\GameFramework</Filter>
    </ClCompile>
    <ClCompile Include="Source\Runtime\Engine\GameFramework\Info.cpp">
      <Filter>Source\Runtime\Engine\GameFramework</Filter>
    </ClCompile>
    <ClCompile Include="Source\Runtime\Engine\GameFramework\PointLightActor.cpp">
      <Filter>Source\Runtime\Engine\GameFramework</Filter>
    </ClCompile>
    <ClCompile Include="Source\Runtime\Engine\GameFramework\SpotLightActor.cpp">
      <Filter>Source\Runtime\Engine\GameFramework</Filter>
    </ClCompile>
    <ClCompile Include="Source\Runtime\Engine\GameFramework\CameraActor.cpp">
      <Filter>Source\Runtime\Engine\GameFramework</Filter>
    </ClCompile>
    <ClCompile Include="Source\Runtime\Engine\GameFramework\DecalActor.cpp">
      <Filter>Source\Runtime\Engine\GameFramework</Filter>
    </ClCompile>
    <ClCompile Include="Source\Runtime\Engine\GameFramework\EditorEngine.cpp">
      <Filter>Source\Runtime\Engine\GameFramework</Filter>
    </ClCompile>
    <ClCompile Include="Source\Runtime\Engine\GameFramework\FakeSpotLightActor.cpp">
      <Filter>Source\Runtime\Engine\GameFramework</Filter>
    </ClCompile>
    <ClCompile Include="Source\Runtime\Engine\GameFramework\Level.cpp">
      <Filter>Source\Runtime\Engine\GameFramework</Filter>
    </ClCompile>
    <ClCompile Include="Source\Runtime\Engine\GameFramework\StaticMeshActor.cpp">
      <Filter>Source\Runtime\Engine\GameFramework</Filter>
    </ClCompile>
    <ClCompile Include="Source\Runtime\Engine\GameFramework\World.cpp">
      <Filter>Source\Runtime\Engine\GameFramework</Filter>
    </ClCompile>
    <ClCompile Include="Source\Runtime\Engine\GameFramework\WorldPartitionManager.cpp">
      <Filter>Source\Runtime\Engine\GameFramework</Filter>
    </ClCompile>
    <ClCompile Include="Source\Runtime\Engine\Scripting\GameObject.cpp">
      <Filter>Source\Runtime\Engine\Scripting</Filter>
    </ClCompile>
    <ClCompile Include="Source\Runtime\Engine\Scripting\LuaCoroutineScheduler.cpp">
      <Filter>Source\Runtime\Engine\Scripting</Filter>
    </ClCompile>
    <ClCompile Include="Source\Runtime\Engine\Scripting\LuaManager.cpp">
      <Filter>Source\Runtime\Engine\Scripting</Filter>
    </ClCompile>
    <ClCompile Include="Source\Runtime\Engine\Components\AmbientLightComponent.cpp">
      <Filter>Source\Runtime\Engine\Components</Filter>
    </ClCompile>
    <ClCompile Include="Source\Runtime\Engine\Components\CapsuleComponent.cpp">
      <Filter>Source\Runtime\Engine\Components</Filter>
    </ClCompile>
    <ClCompile Include="Source\Runtime\Engine\Components\DirectionalLightComponent.cpp">
      <Filter>Source\Runtime\Engine\Components</Filter>
    </ClCompile>
    <ClCompile Include="Source\Runtime\Engine\Components\LightComponent.cpp">
      <Filter>Source\Runtime\Engine\Components</Filter>
    </ClCompile>
    <ClCompile Include="Source\Runtime\Engine\Components\LightComponentBase.cpp">
      <Filter>Source\Runtime\Engine\Components</Filter>
    </ClCompile>
    <ClCompile Include="Source\Runtime\Engine\Components\LocalLightComponent.cpp">
      <Filter>Source\Runtime\Engine\Components</Filter>
    </ClCompile>
    <ClCompile Include="Source\Runtime\Engine\Components\LuaScriptComponent.cpp">
      <Filter>Source\Runtime\Engine\Components</Filter>
    </ClCompile>
    <ClCompile Include="Source\Runtime\Engine\Components\MovementComponent.cpp">
      <Filter>Source\Runtime\Engine\Components</Filter>
    </ClCompile>
    <ClCompile Include="Source\Runtime\Engine\Components\PointLightComponent.cpp">
      <Filter>Source\Runtime\Engine\Components</Filter>
    </ClCompile>
    <ClCompile Include="Source\Runtime\Engine\Components\ProjectileMovementComponent.cpp">
      <Filter>Source\Runtime\Engine\Components</Filter>
    </ClCompile>
    <ClCompile Include="Source\Runtime\Engine\Components\RotatingMovementComponent.cpp">
      <Filter>Source\Runtime\Engine\Components</Filter>
    </ClCompile>
    <ClCompile Include="Source\Runtime\Engine\Components\SphereComponent.cpp">
      <Filter>Source\Runtime\Engine\Components</Filter>
    </ClCompile>
    <ClCompile Include="Source\Runtime\Engine\Components\SpotLightComponent.cpp">
      <Filter>Source\Runtime\Engine\Components</Filter>
    </ClCompile>
    <ClCompile Include="Source\Runtime\Engine\Components\BoxComponent.cpp">
      <Filter>Source\Runtime\Engine\Components</Filter>
    </ClCompile>
    <ClCompile Include="Source\Runtime\Engine\Components\ShapeComponent.cpp">
      <Filter>Source\Runtime\Engine\Components</Filter>
    </ClCompile>
    <ClCompile Include="Source\Runtime\Engine\Components\BillboardComponent.cpp">
      <Filter>Source\Runtime\Engine\Components</Filter>
    </ClCompile>
    <ClCompile Include="Source\Runtime\Engine\Components\CameraComponent.cpp">
      <Filter>Source\Runtime\Engine\Components</Filter>
    </ClCompile>
    <ClCompile Include="Source\Runtime\Engine\Components\DecalComponent.cpp">
      <Filter>Source\Runtime\Engine\Components</Filter>
    </ClCompile>
    <ClCompile Include="Source\Runtime\Engine\Components\HeightFogComponent.cpp">
      <Filter>Source\Runtime\Engine\Components</Filter>
    </ClCompile>
    <ClCompile Include="Source\Runtime\Engine\Components\LineComponent.cpp">
      <Filter>Source\Runtime\Engine\Components</Filter>
    </ClCompile>
    <ClCompile Include="Source\Runtime\Engine\Components\MeshComponent.cpp">
      <Filter>Source\Runtime\Engine\Components</Filter>
    </ClCompile>
    <ClCompile Include="Source\Runtime\Engine\Components\PerspectiveDecalComponent.cpp">
      <Filter>Source\Runtime\Engine\Components</Filter>
    </ClCompile>
    <ClCompile Include="Source\Runtime\Engine\Components\PrimitiveComponent.cpp">
      <Filter>Source\Runtime\Engine\Components</Filter>
    </ClCompile>
    <ClCompile Include="Source\Runtime\Engine\Components\SceneComponent.cpp">
      <Filter>Source\Runtime\Engine\Components</Filter>
    </ClCompile>
    <ClCompile Include="Source\Runtime\Engine\Components\StaticMeshComponent.cpp">
      <Filter>Source\Runtime\Engine\Components</Filter>
    </ClCompile>
    <ClCompile Include="Source\Runtime\Engine\Components\TextRenderComponent.cpp">
      <Filter>Source\Runtime\Engine\Components</Filter>
    </ClCompile>
    <ClCompile Include="Source\Runtime\Engine\Collision\AABB.cpp">
      <Filter>Source\Runtime\Engine\Collision</Filter>
    </ClCompile>
    <ClCompile Include="Source\Runtime\Engine\Collision\BoundingSphere.cpp">
      <Filter>Source\Runtime\Engine\Collision</Filter>
    </ClCompile>
    <ClCompile Include="Source\Runtime\Engine\Collision\Collision.cpp">
      <Filter>Source\Runtime\Engine\Collision</Filter>
    </ClCompile>
    <ClCompile Include="Source\Runtime\Engine\Collision\Frustum.cpp">
      <Filter>Source\Runtime\Engine\Collision</Filter>
    </ClCompile>
    <ClCompile Include="Source\Runtime\Engine\Collision\OBB.cpp">
      <Filter>Source\Runtime\Engine\Collision</Filter>
    </ClCompile>
    <ClCompile Include="Source\Runtime\Engine\Collision\Picking.cpp">
      <Filter>Source\Runtime\Engine\Collision</Filter>
    </ClCompile>
    <ClCompile Include="Source\Runtime\Engine\Spatial\BVHierarchy.cpp">
      <Filter>Source\Runtime\Engine\Spatial</Filter>
    </ClCompile>
    <ClCompile Include="Source\Runtime\Engine\Spatial\MeshBVH.cpp">
      <Filter>Source\Runtime\Engine\Spatial</Filter>
    </ClCompile>
    <ClCompile Include="Source\Runtime\Engine\Spatial\Occlusion.cpp">
      <Filter>Source\Runtime\Engine\Spatial</Filter>
    </ClCompile>
    <ClCompile Include="Source\Runtime\Engine\Spatial\Octree.cpp">
      <Filter>Source\Runtime\Engine\Spatial</Filter>
    </ClCompile>
    <ClCompile Include="Source\Runtime\Core\Misc\Color.cpp">
      <Filter>Source\Runtime\Core\Misc</Filter>
    </ClCompile>
    <ClCompile Include="Source\Runtime\Core\Misc\FName.cpp">
      <Filter>Source\Runtime\Core\Misc</Filter>
    </ClCompile>
    <ClCompile Include="Source\Runtime\Core\Math\Vector.cpp">
      <Filter>Source\Runtime\Core\Math</Filter>
    </ClCompile>
    <ClCompile Include="Source\Runtime\Core\Object\FireballActor.cpp">
      <Filter>Source\Runtime\Core\Object</Filter>
    </ClCompile>
    <ClCompile Include="Source\Runtime\Core\Object\Actor.cpp">
      <Filter>Source\Runtime\Core\Object</Filter>
    </ClCompile>
    <ClCompile Include="Source\Runtime\Core\Object\ActorComponent.cpp">
      <Filter>Source\Runtime\Core\Object</Filter>
    </ClCompile>
    <ClCompile Include="Source\Runtime\Core\Object\Object.cpp">
      <Filter>Source\Runtime\Core\Object</Filter>
    </ClCompile>
    <ClCompile Include="Source\Runtime\Core\Object\ObjectFactory.cpp">
      <Filter>Source\Runtime\Core\Object</Filter>
    </ClCompile>
    <ClCompile Include="Source\Runtime\Core\Containers\UEContainer.cpp">
      <Filter>Source\Runtime\Core\Containers</Filter>
    </ClCompile>
    <ClCompile Include="Source\Runtime\Core\Memory\MemoryManager.cpp">
      <Filter>Source\Runtime\Core\Memory</Filter>
    </ClCompile>
    <ClCompile Include="Source\Runtime\Core\Memory\PlatformTime.cpp">
      <Filter>Source\Runtime\Core\Memory</Filter>
    </ClCompile>
    <ClCompile Include="Source\Runtime\Renderer\LightManager.cpp">
      <Filter>Source\Runtime\Renderer</Filter>
    </ClCompile>
    <ClCompile Include="Source\Runtime\Renderer\SceneView.cpp">
      <Filter>Source\Runtime\Renderer</Filter>
    </ClCompile>
    <ClCompile Include="Source\Runtime\Renderer\TileLightCuller.cpp">
      <Filter>Source\Runtime\Renderer</Filter>
    </ClCompile>
    <ClCompile Include="Source\Runtime\Renderer\SceneRenderer.cpp">
      <Filter>Source\Runtime\Renderer</Filter>
    </ClCompile>
    <ClCompile Include="Source\Runtime\Renderer\FViewport.cpp">
      <Filter>Source\Runtime\Renderer</Filter>
    </ClCompile>
    <ClCompile Include="Source\Runtime\Renderer\FViewportClient.cpp">
      <Filter>Source\Runtime\Renderer</Filter>
    </ClCompile>
    <ClCompile Include="Source\Runtime\Renderer\Material.cpp">
      <Filter>Source\Runtime\Renderer</Filter>
    </ClCompile>
    <ClCompile Include="Source\Runtime\Renderer\QuadManager.cpp">
      <Filter>Source\Runtime\Renderer</Filter>
    </ClCompile>
    <ClCompile Include="Source\Runtime\Renderer\Renderer.cpp">
      <Filter>Source\Runtime\Renderer</Filter>
    </ClCompile>
    <ClCompile Include="Source\Runtime\Renderer\RenderManager.cpp">
      <Filter>Source\Runtime\Renderer</Filter>
    </ClCompile>
    <ClCompile Include="Source\Runtime\Renderer\Shader.cpp">
      <Filter>Source\Runtime\Renderer</Filter>
    </ClCompile>
    <ClCompile Include="Source\Runtime\RHI\D3D11RHI.cpp">
      <Filter>Source\Runtime\RHI</Filter>
    </ClCompile>
    <ClCompile Include="Source\Runtime\RHI\PipelineStateManager.cpp">
      <Filter>Source\Runtime\RHI</Filter>
    </ClCompile>
    <ClCompile Include="Source\Runtime\RHI\PipelineStateObject.cpp">
      <Filter>Source\Runtime\RHI</Filter>
    </ClCompile>
    <ClCompile Include="Source\Runtime\RHI\RHIDevice.cpp">
      <Filter>Source\Runtime\RHI</Filter>
    </ClCompile>
    <ClCompile Include="Source\Runtime\AssetManagement\DynamicMesh.cpp">
      <Filter>Source\Runtime\AssetManagement</Filter>
    </ClCompile>
    <ClCompile Include="Source\Runtime\AssetManagement\Line.cpp">
      <Filter>Source\Runtime\AssetManagement</Filter>
    </ClCompile>
    <ClCompile Include="Source\Runtime\AssetManagement\LineDynamicMesh.cpp">
      <Filter>Source\Runtime\AssetManagement</Filter>
    </ClCompile>
    <ClCompile Include="Source\Runtime\AssetManagement\MeshLoader.cpp">
      <Filter>Source\Runtime\AssetManagement</Filter>
    </ClCompile>
    <ClCompile Include="Source\Runtime\AssetManagement\Quad.cpp">
      <Filter>Source\Runtime\AssetManagement</Filter>
    </ClCompile>
    <ClCompile Include="Source\Runtime\AssetManagement\ResourceBase.cpp">
      <Filter>Source\Runtime\AssetManagement</Filter>
    </ClCompile>
    <ClCompile Include="Source\Runtime\AssetManagement\ResourceManager.cpp">
      <Filter>Source\Runtime\AssetManagement</Filter>
    </ClCompile>
    <ClCompile Include="Source\Runtime\AssetManagement\StaticMesh.cpp">
      <Filter>Source\Runtime\AssetManagement</Filter>
    </ClCompile>
    <ClCompile Include="Source\Runtime\AssetManagement\Texture.cpp">
      <Filter>Source\Runtime\AssetManagement</Filter>
    </ClCompile>
    <ClCompile Include="Source\Runtime\AssetManagement\TextureConverter.cpp">
      <Filter>Source\Runtime\AssetManagement</Filter>
    </ClCompile>
    <ClCompile Include="Source\Runtime\InputCore\InputManager.cpp">
      <Filter>Source\Runtime\InputCore</Filter>
    </ClCompile>
    <ClCompile Include="Source\Editor\PlatformProcess.cpp">
      <Filter>Source\Editor</Filter>
    </ClCompile>
    <ClCompile Include="Source\Editor\ObjManager.cpp">
      <Filter>Source\Editor</Filter>
    </ClCompile>
    <ClCompile Include="Source\Editor\SelectionManager.cpp">
      <Filter>Source\Editor</Filter>
    </ClCompile>
    <ClCompile Include="Source\Editor\Gizmo\GizmoActor.cpp">
      <Filter>Source\Editor\Gizmo</Filter>
    </ClCompile>
    <ClCompile Include="Source\Editor\Gizmo\GizmoArrowComponent.cpp">
      <Filter>Source\Editor\Gizmo</Filter>
    </ClCompile>
    <ClCompile Include="Source\Editor\Gizmo\GizmoRotateComponent.cpp">
      <Filter>Source\Editor\Gizmo</Filter>
    </ClCompile>
    <ClCompile Include="Source\Editor\Gizmo\GizmoScaleComponent.cpp">
      <Filter>Source\Editor\Gizmo</Filter>
    </ClCompile>
    <ClCompile Include="Source\Editor\Grid\GridActor.cpp">
      <Filter>Source\Editor\Grid</Filter>
    </ClCompile>
    <ClCompile Include="Source\Editor\Clipboard\ClipboardManager.cpp">
      <Filter>Source\Editor\Clipboard</Filter>
    </ClCompile>
    <ClCompile Include="Source\Slate\GlobalConsole.cpp">
      <Filter>Source\Slate</Filter>
    </ClCompile>
    <ClCompile Include="Source\Slate\StatsOverlayD2D.cpp">
      <Filter>Source\Slate</Filter>
    </ClCompile>
    <ClCompile Include="Source\Slate\UIManager.cpp">
      <Filter>Source\Slate</Filter>
    </ClCompile>
    <ClCompile Include="Source\Slate\USlateManager.cpp">
      <Filter>Source\Slate</Filter>
    </ClCompile>
    <ClCompile Include="Source\Slate\Widgets\PropertyRenderer.cpp">
      <Filter>Source\Slate\Widgets</Filter>
    </ClCompile>
    <ClCompile Include="Source\Slate\Widgets\ConsoleWidget.cpp">
      <Filter>Source\Slate\Widgets</Filter>
    </ClCompile>
    <ClCompile Include="Source\Slate\Widgets\InputInformationWidget.cpp">
      <Filter>Source\Slate\Widgets</Filter>
    </ClCompile>
    <ClCompile Include="Source\Slate\Widgets\MainToolbarWidget.cpp">
      <Filter>Source\Slate\Widgets</Filter>
    </ClCompile>
    <ClCompile Include="Source\Slate\Widgets\SceneManagerWidget.cpp">
      <Filter>Source\Slate\Widgets</Filter>
    </ClCompile>
    <ClCompile Include="Source\Slate\Widgets\TargetActorTransformWidget.cpp">
      <Filter>Source\Slate\Widgets</Filter>
    </ClCompile>
    <ClCompile Include="Source\Slate\Widgets\Widget.cpp">
      <Filter>Source\Slate\Widgets</Filter>
    </ClCompile>
    <ClCompile Include="Source\Slate\Windows\ConsoleWindow.cpp">
      <Filter>Source\Slate\Windows</Filter>
    </ClCompile>
    <ClCompile Include="Source\Slate\Windows\ControlPanelWindow.cpp">
      <Filter>Source\Slate\Windows</Filter>
    </ClCompile>
    <ClCompile Include="Source\Slate\Windows\ExperimentalFeatureWindow.cpp">
      <Filter>Source\Slate\Windows</Filter>
    </ClCompile>
    <ClCompile Include="Source\Slate\Windows\PropertyWindow.cpp">
      <Filter>Source\Slate\Windows</Filter>
    </ClCompile>
    <ClCompile Include="Source\Slate\Windows\SceneWindow.cpp">
      <Filter>Source\Slate\Windows</Filter>
    </ClCompile>
    <ClCompile Include="Source\Slate\Windows\SControlPanel.cpp">
      <Filter>Source\Slate\Windows</Filter>
    </ClCompile>
    <ClCompile Include="Source\Slate\Windows\SDetailsWindow.cpp">
      <Filter>Source\Slate\Windows</Filter>
    </ClCompile>
    <ClCompile Include="Source\Slate\Windows\SSplitter.cpp">
      <Filter>Source\Slate\Windows</Filter>
    </ClCompile>
    <ClCompile Include="Source\Slate\Windows\SSplitterH.cpp">
      <Filter>Source\Slate\Windows</Filter>
    </ClCompile>
    <ClCompile Include="Source\Slate\Windows\SSplitterV.cpp">
      <Filter>Source\Slate\Windows</Filter>
    </ClCompile>
    <ClCompile Include="Source\Slate\Windows\SViewportWindow.cpp">
      <Filter>Source\Slate\Windows</Filter>
    </ClCompile>
    <ClCompile Include="Source\Slate\Windows\SWindow.cpp">
      <Filter>Source\Slate\Windows</Filter>
    </ClCompile>
    <ClCompile Include="Source\Slate\Windows\UIWindow.cpp">
      <Filter>Source\Slate\Windows</Filter>
    </ClCompile>
    <ClCompile Include="Source\Slate\Factory\UIWindowFactory.cpp">
      <Filter>Source\Slate\Factory</Filter>
    </ClCompile>
    <ClCompile Include="Source\Slate\ImGui\ImGuiHelper.cpp">
      <Filter>Source\Slate\ImGui</Filter>
    </ClCompile>
    <ClCompile Include="ThirdParty\ImGui\imgui.cpp">
      <Filter>ThirdParty\ImGui</Filter>
    </ClCompile>
    <ClCompile Include="ThirdParty\ImGui\imgui_demo.cpp">
      <Filter>ThirdParty\ImGui</Filter>
    </ClCompile>
    <ClCompile Include="ThirdParty\ImGui\imgui_draw.cpp">
      <Filter>ThirdParty\ImGui</Filter>
    </ClCompile>
    <ClCompile Include="ThirdParty\ImGui\imgui_impl_dx11.cpp">
      <Filter>ThirdParty\ImGui</Filter>
    </ClCompile>
    <ClCompile Include="ThirdParty\ImGui\imgui_impl_win32.cpp">
      <Filter>ThirdParty\ImGui</Filter>
    </ClCompile>
    <ClCompile Include="ThirdParty\ImGui\imgui_tables.cpp">
      <Filter>ThirdParty\ImGui</Filter>
    </ClCompile>
    <ClCompile Include="ThirdParty\ImGui\imgui_widgets.cpp">
      <Filter>ThirdParty\ImGui</Filter>
    </ClCompile>
    <ClCompile Include="Source\Runtime\Renderer\PostProcessing\HeightFogPass.cpp" />
    <ClCompile Include="Source\Runtime\Renderer\PostProcessing\PostProcessing.cpp" />
    <ClCompile Include="Source\Runtime\Engine\GameFramework\PlayerCameraManager.cpp">
    <ClCompile Include="Source\Runtime\Engine\GameFramework\GameEngine.cpp">
      <Filter>Source\Runtime\Engine\GameFramework</Filter>
    </ClCompile>
  </ItemGroup>
  <!-- ThirdParty/ImGui Files -->
  <!-- Source Files -->
  <!-- Source Header Files -->
  <ItemGroup>
    <!-- Source\Editor\Gizmo -->
    <!-- Source\Editor\Grid -->
    <!-- Source\Editor -->
    <!-- Source\Runtime\AssetManagement -->
    <!-- Source\Runtime\Core\Containers -->
    <!-- Source\Runtime\Core\Math -->
    <!-- Source\Runtime\Core\Memory -->
    <!-- Source\Runtime\Core\Misc -->
    <!-- Source\Runtime\Core\Object -->
    <!-- Source\Runtime\Engine\Collision -->
    <!-- Source\Runtime\Engine\Components -->
    <!-- Source\Runtime\Engine\GameFramework -->
    <!-- Source\Runtime\Engine\Spatial -->
    <!-- Source\Runtime\InputCore -->
    <!-- Source\Runtime\Renderer -->
    <!-- Source\Runtime\RHI -->
    <!-- Source\Slate\Factory -->
    <!-- Source\Slate\ImGui -->
    <!-- Source\Slate -->
    <!-- Source\Slate\Widgets -->
    <!-- Source\Slate\Windows -->
    <ClInclude Include="pch.h" />
    <ClInclude Include="Source\Runtime\Engine\GameFramework\TileMapActor.h">
      <Filter>Source\Runtime\Engine\GameFramework</Filter>
    </ClInclude>
    <ClInclude Include="Source\Runtime\Engine\GameFramework\AmbientLightActor.h">
      <Filter>Source\Runtime\Engine\GameFramework</Filter>
    </ClInclude>
    <ClInclude Include="Source\Runtime\Engine\GameFramework\DirectionalLightActor.h">
      <Filter>Source\Runtime\Engine\GameFramework</Filter>
    </ClInclude>
    <ClInclude Include="Source\Runtime\Engine\GameFramework\EmptyActor.h">
      <Filter>Source\Runtime\Engine\GameFramework</Filter>
    </ClInclude>
    <ClInclude Include="Source\Runtime\Engine\GameFramework\HeightFogActor.h">
      <Filter>Source\Runtime\Engine\GameFramework</Filter>
    </ClInclude>
    <ClInclude Include="Source\Runtime\Engine\GameFramework\Info.h">
      <Filter>Source\Runtime\Engine\GameFramework</Filter>
    </ClInclude>
    <ClInclude Include="Source\Runtime\Engine\GameFramework\PointLightActor.h">
      <Filter>Source\Runtime\Engine\GameFramework</Filter>
    </ClInclude>
    <ClInclude Include="Source\Runtime\Engine\GameFramework\SpotLightActor.h">
      <Filter>Source\Runtime\Engine\GameFramework</Filter>
    </ClInclude>
    <ClInclude Include="Source\Runtime\Engine\GameFramework\CameraActor.h">
      <Filter>Source\Runtime\Engine\GameFramework</Filter>
    </ClInclude>
    <ClInclude Include="Source\Runtime\Engine\GameFramework\DecalActor.h">
      <Filter>Source\Runtime\Engine\GameFramework</Filter>
    </ClInclude>
    <ClInclude Include="Source\Runtime\Engine\GameFramework\EditorEngine.h">
      <Filter>Source\Runtime\Engine\GameFramework</Filter>
    </ClInclude>
    <ClInclude Include="Source\Runtime\Engine\GameFramework\FakeSpotLightActor.h">
      <Filter>Source\Runtime\Engine\GameFramework</Filter>
    </ClInclude>
    <ClInclude Include="Source\Runtime\Engine\GameFramework\Level.h">
      <Filter>Source\Runtime\Engine\GameFramework</Filter>
    </ClInclude>
    <ClInclude Include="Source\Runtime\Engine\GameFramework\StaticMeshActor.h">
      <Filter>Source\Runtime\Engine\GameFramework</Filter>
    </ClInclude>
    <ClInclude Include="Source\Runtime\Engine\GameFramework\World.h">
      <Filter>Source\Runtime\Engine\GameFramework</Filter>
    </ClInclude>
    <ClInclude Include="Source\Runtime\Engine\Scripting\GameObject.h">
      <Filter>Source\Runtime\Engine\Scripting</Filter>
    </ClInclude>
    <ClInclude Include="Source\Runtime\Engine\Scripting\LuaCoroutineScheduler.h">
      <Filter>Source\Runtime\Engine\Scripting</Filter>
    </ClInclude>
    <ClInclude Include="Source\Runtime\Engine\Scripting\LuaManager.h">
      <Filter>Source\Runtime\Engine\Scripting</Filter>
    </ClInclude>
    <ClInclude Include="Source\Runtime\Engine\Components\CapsuleComponent.h">
      <Filter>Source\Runtime\Engine\Components</Filter>
    </ClInclude>
    <ClInclude Include="Source\Runtime\Engine\Components\LuaScriptComponent.h">
      <Filter>Source\Runtime\Engine\Components</Filter>
    </ClInclude>
    <ClInclude Include="Source\Runtime\Engine\Components\MovementComponent.h">
      <Filter>Source\Runtime\Engine\Components</Filter>
    </ClInclude>
    <ClInclude Include="Source\Runtime\Engine\Components\ProjectileMovementComponent.h">
      <Filter>Source\Runtime\Engine\Components</Filter>
    </ClInclude>
    <ClInclude Include="Source\Runtime\Engine\Components\RotatingMovementComponent.h">
      <Filter>Source\Runtime\Engine\Components</Filter>
    </ClInclude>
    <ClInclude Include="Source\Runtime\Engine\Components\BoxComponent.h">
      <Filter>Source\Runtime\Engine\Components</Filter>
    </ClInclude>
    <ClInclude Include="Source\Runtime\Engine\Components\ShapeComponent.h">
      <Filter>Source\Runtime\Engine\Components</Filter>
    </ClInclude>
    <ClInclude Include="Source\Runtime\Engine\Components\SphereComponent.h">
      <Filter>Source\Runtime\Engine\Components</Filter>
    </ClInclude>
    <ClInclude Include="Source\Runtime\Engine\Components\AmbientLightComponent.h">
      <Filter>Source\Runtime\Engine\Components</Filter>
    </ClInclude>
    <ClInclude Include="Source\Runtime\Engine\Components\DirectionalLightComponent.h">
      <Filter>Source\Runtime\Engine\Components</Filter>
    </ClInclude>
    <ClInclude Include="Source\Runtime\Engine\Components\LightComponent.h">
      <Filter>Source\Runtime\Engine\Components</Filter>
    </ClInclude>
    <ClInclude Include="Source\Runtime\Engine\Components\LightComponentBase.h">
      <Filter>Source\Runtime\Engine\Components</Filter>
    </ClInclude>
    <ClInclude Include="Source\Runtime\Engine\Components\LocalLightComponent.h">
      <Filter>Source\Runtime\Engine\Components</Filter>
    </ClInclude>
    <ClInclude Include="Source\Runtime\Engine\Components\PointLightComponent.h">
      <Filter>Source\Runtime\Engine\Components</Filter>
    </ClInclude>
    <ClInclude Include="Source\Runtime\Engine\Components\SpotLightComponent.h">
      <Filter>Source\Runtime\Engine\Components</Filter>
    </ClInclude>
    <ClInclude Include="Source\Runtime\Engine\Components\BillboardComponent.h">
      <Filter>Source\Runtime\Engine\Components</Filter>
    </ClInclude>
    <ClInclude Include="Source\Runtime\Engine\Components\CameraComponent.h">
      <Filter>Source\Runtime\Engine\Components</Filter>
    </ClInclude>
    <ClInclude Include="Source\Runtime\Engine\Components\DecalComponent.h">
      <Filter>Source\Runtime\Engine\Components</Filter>
    </ClInclude>
    <ClInclude Include="Source\Runtime\Engine\Components\HeightFogComponent.h">
      <Filter>Source\Runtime\Engine\Components</Filter>
    </ClInclude>
    <ClInclude Include="Source\Runtime\Engine\Components\LineComponent.h">
      <Filter>Source\Runtime\Engine\Components</Filter>
    </ClInclude>
    <ClInclude Include="Source\Runtime\Engine\Components\MeshComponent.h">
      <Filter>Source\Runtime\Engine\Components</Filter>
    </ClInclude>
    <ClInclude Include="Source\Runtime\Engine\Components\PerspectiveDecalComponent.h">
      <Filter>Source\Runtime\Engine\Components</Filter>
    </ClInclude>
    <ClInclude Include="Source\Runtime\Engine\Components\PrimitiveComponent.h">
      <Filter>Source\Runtime\Engine\Components</Filter>
    </ClInclude>
    <ClInclude Include="Source\Runtime\Engine\Components\SceneComponent.h">
      <Filter>Source\Runtime\Engine\Components</Filter>
    </ClInclude>
    <ClInclude Include="Source\Runtime\Engine\Components\StaticMeshComponent.h">
      <Filter>Source\Runtime\Engine\Components</Filter>
    </ClInclude>
    <ClInclude Include="Source\Runtime\Engine\Components\TextRenderComponent.h">
      <Filter>Source\Runtime\Engine\Components</Filter>
    </ClInclude>
    <ClInclude Include="Source\Runtime\Engine\Collision\AABB.h">
      <Filter>Source\Runtime\Engine\Collision</Filter>
    </ClInclude>
    <ClInclude Include="Source\Runtime\Engine\Collision\BoundingSphere.h">
      <Filter>Source\Runtime\Engine\Collision</Filter>
    </ClInclude>
    <ClInclude Include="Source\Runtime\Engine\Collision\Collision.h">
      <Filter>Source\Runtime\Engine\Collision</Filter>
    </ClInclude>
    <ClInclude Include="Source\Runtime\Engine\Collision\Frustum.h">
      <Filter>Source\Runtime\Engine\Collision</Filter>
    </ClInclude>
    <ClInclude Include="Source\Runtime\Engine\Collision\OBB.h">
      <Filter>Source\Runtime\Engine\Collision</Filter>
    </ClInclude>
    <ClInclude Include="Source\Runtime\Engine\Collision\Picking.h">
      <Filter>Source\Runtime\Engine\Collision</Filter>
    </ClInclude>
    <ClInclude Include="Source\Runtime\Engine\Spatial\BVHierarchy.h">
      <Filter>Source\Runtime\Engine\Spatial</Filter>
    </ClInclude>
    <ClInclude Include="Source\Runtime\Engine\Spatial\MeshBVH.h">
      <Filter>Source\Runtime\Engine\Spatial</Filter>
    </ClInclude>
    <ClInclude Include="Source\Runtime\Engine\Spatial\Occlusion.h">
      <Filter>Source\Runtime\Engine\Spatial</Filter>
    </ClInclude>
    <ClInclude Include="Source\Runtime\Engine\Spatial\Octree.h">
      <Filter>Source\Runtime\Engine\Spatial</Filter>
    </ClInclude>
    <ClInclude Include="Source\Runtime\Engine\Spatial\WorldPartitionManager.h">
      <Filter>Source\Runtime\Engine\Spatial</Filter>
    </ClInclude>
    <ClInclude Include="Source\Runtime\Core\Misc\Delegates.h">
      <Filter>Source\Runtime\Core\Misc</Filter>
    </ClInclude>
    <ClInclude Include="Source\Runtime\Core\Misc\Hash.h">
      <Filter>Source\Runtime\Core\Misc</Filter>
    </ClInclude>
    <ClInclude Include="Source\Runtime\Core\Misc\PathUtils.h">
      <Filter>Source\Runtime\Core\Misc</Filter>
    </ClInclude>
    <ClInclude Include="Source\Runtime\Core\Misc\Archive.h">
      <Filter>Source\Runtime\Core\Misc</Filter>
    </ClInclude>
    <ClInclude Include="Source\Runtime\Core\Misc\Color.h">
      <Filter>Source\Runtime\Core\Misc</Filter>
    </ClInclude>
    <ClInclude Include="Source\Runtime\Core\Misc\Enums.h">
      <Filter>Source\Runtime\Core\Misc</Filter>
    </ClInclude>
    <ClInclude Include="Source\Runtime\Core\Misc\JsonSerializer.h">
      <Filter>Source\Runtime\Core\Misc</Filter>
    </ClInclude>
    <ClInclude Include="Source\Runtime\Core\Misc\Name.h">
      <Filter>Source\Runtime\Core\Misc</Filter>
    </ClInclude>
    <ClInclude Include="Source\Runtime\Core\Misc\ObjectIterator.h">
      <Filter>Source\Runtime\Core\Misc</Filter>
    </ClInclude>
    <ClInclude Include="Source\Runtime\Core\Misc\VertexData.h">
      <Filter>Source\Runtime\Core\Misc</Filter>
    </ClInclude>
    <ClInclude Include="Source\Runtime\Core\Misc\WindowsBinReader.h">
      <Filter>Source\Runtime\Core\Misc</Filter>
    </ClInclude>
    <ClInclude Include="Source\Runtime\Core\Misc\WindowsBinWriter.h">
      <Filter>Source\Runtime\Core\Misc</Filter>
    </ClInclude>
    <ClInclude Include="Source\Runtime\Core\Math\Vector.h">
      <Filter>Source\Runtime\Core\Math</Filter>
    </ClInclude>
    <ClInclude Include="Source\Runtime\Core\Object\FireballActor.h">
      <Filter>Source\Runtime\Core\Object</Filter>
    </ClInclude>
    <ClInclude Include="Source\Runtime\Core\Object\Property.h">
      <Filter>Source\Runtime\Core\Object</Filter>
    </ClInclude>
    <ClInclude Include="Source\Runtime\Core\Object\Actor.h">
      <Filter>Source\Runtime\Core\Object</Filter>
    </ClInclude>
    <ClInclude Include="Source\Runtime\Core\Object\ActorComponent.h">
      <Filter>Source\Runtime\Core\Object</Filter>
    </ClInclude>
    <ClInclude Include="Source\Runtime\Core\Object\Object.h">
      <Filter>Source\Runtime\Core\Object</Filter>
    </ClInclude>
    <ClInclude Include="Source\Runtime\Core\Object\ObjectFactory.h">
      <Filter>Source\Runtime\Core\Object</Filter>
    </ClInclude>
    <ClInclude Include="Source\Runtime\Core\Containers\UEContainer.h">
      <Filter>Source\Runtime\Core\Containers</Filter>
    </ClInclude>
    <ClInclude Include="Source\Runtime\Core\Memory\MemoryManager.h">
      <Filter>Source\Runtime\Core\Memory</Filter>
    </ClInclude>
    <ClInclude Include="Source\Runtime\Core\Memory\PlatformTime.h">
      <Filter>Source\Runtime\Core\Memory</Filter>
    </ClInclude>
    <ClInclude Include="Source\Runtime\Renderer\LightManager.h">
      <Filter>Source\Runtime\Renderer</Filter>
    </ClInclude>
    <ClInclude Include="Source\Runtime\Renderer\MeshBatchElement.h">
      <Filter>Source\Runtime\Renderer</Filter>
    </ClInclude>
    <ClInclude Include="Source\Runtime\Renderer\SceneView.h">
      <Filter>Source\Runtime\Renderer</Filter>
    </ClInclude>
    <ClInclude Include="Source\Runtime\Renderer\TileCullingStats.h">
      <Filter>Source\Runtime\Renderer</Filter>
    </ClInclude>
    <ClInclude Include="Source\Runtime\Renderer\TileLightCuller.h">
      <Filter>Source\Runtime\Renderer</Filter>
    </ClInclude>
    <ClInclude Include="Source\Runtime\Renderer\DecalStatManager.h">
      <Filter>Source\Runtime\Renderer</Filter>
    </ClInclude>
    <ClInclude Include="Source\Runtime\Renderer\SceneRenderer.h">
      <Filter>Source\Runtime\Renderer</Filter>
    </ClInclude>
    <ClInclude Include="Source\Runtime\Renderer\FViewport.h">
      <Filter>Source\Runtime\Renderer</Filter>
    </ClInclude>
    <ClInclude Include="Source\Runtime\Renderer\FViewportClient.h">
      <Filter>Source\Runtime\Renderer</Filter>
    </ClInclude>
    <ClInclude Include="Source\Runtime\Renderer\Material.h">
      <Filter>Source\Runtime\Renderer</Filter>
    </ClInclude>
    <ClInclude Include="Source\Runtime\Renderer\QuadManager.h">
      <Filter>Source\Runtime\Renderer</Filter>
    </ClInclude>
    <ClInclude Include="Source\Runtime\Renderer\Renderer.h">
      <Filter>Source\Runtime\Renderer</Filter>
    </ClInclude>
    <ClInclude Include="Source\Runtime\Renderer\RenderManager.h">
      <Filter>Source\Runtime\Renderer</Filter>
    </ClInclude>
    <ClInclude Include="Source\Runtime\Renderer\RenderSettings.h">
      <Filter>Source\Runtime\Renderer</Filter>
    </ClInclude>
    <ClInclude Include="Source\Runtime\Renderer\Shader.h">
      <Filter>Source\Runtime\Renderer</Filter>
    </ClInclude>
    <ClInclude Include="Source\Runtime\RHI\SwapGuard.h">
      <Filter>Source\Runtime\RHI</Filter>
    </ClInclude>
    <ClInclude Include="Source\Runtime\RHI\ConstantBufferType.h">
      <Filter>Source\Runtime\RHI</Filter>
    </ClInclude>
    <ClInclude Include="Source\Runtime\RHI\D3D11RHI.h">
      <Filter>Source\Runtime\RHI</Filter>
    </ClInclude>
    <ClInclude Include="Source\Runtime\RHI\PipelineStateManager.h">
      <Filter>Source\Runtime\RHI</Filter>
    </ClInclude>
    <ClInclude Include="Source\Runtime\RHI\PipelineStateObject.h">
      <Filter>Source\Runtime\RHI</Filter>
    </ClInclude>
    <ClInclude Include="Source\Runtime\RHI\RHIDevice.h">
      <Filter>Source\Runtime\RHI</Filter>
    </ClInclude>
    <ClInclude Include="Source\Runtime\AssetManagement\Cube.h">
      <Filter>Source\Runtime\AssetManagement</Filter>
    </ClInclude>
    <ClInclude Include="Source\Runtime\AssetManagement\DynamicMesh.h">
      <Filter>Source\Runtime\AssetManagement</Filter>
    </ClInclude>
    <ClInclude Include="Source\Runtime\AssetManagement\Line.h">
      <Filter>Source\Runtime\AssetManagement</Filter>
    </ClInclude>
    <ClInclude Include="Source\Runtime\AssetManagement\LineDynamicMesh.h">
      <Filter>Source\Runtime\AssetManagement</Filter>
    </ClInclude>
    <ClInclude Include="Source\Runtime\AssetManagement\MeshLoader.h">
      <Filter>Source\Runtime\AssetManagement</Filter>
    </ClInclude>
    <ClInclude Include="Source\Runtime\AssetManagement\Quad.h">
      <Filter>Source\Runtime\AssetManagement</Filter>
    </ClInclude>
    <ClInclude Include="Source\Runtime\AssetManagement\ResourceBase.h">
      <Filter>Source\Runtime\AssetManagement</Filter>
    </ClInclude>
    <ClInclude Include="Source\Runtime\AssetManagement\ResourceManager.h">
      <Filter>Source\Runtime\AssetManagement</Filter>
    </ClInclude>
    <ClInclude Include="Source\Runtime\AssetManagement\StaticMesh.h">
      <Filter>Source\Runtime\AssetManagement</Filter>
    </ClInclude>
    <ClInclude Include="Source\Runtime\AssetManagement\Texture.h">
      <Filter>Source\Runtime\AssetManagement</Filter>
    </ClInclude>
    <ClInclude Include="Source\Runtime\AssetManagement\TextureConverter.h">
      <Filter>Source\Runtime\AssetManagement</Filter>
    </ClInclude>
    <ClInclude Include="Source\Runtime\AssetManagement\Triangle.h">
      <Filter>Source\Runtime\AssetManagement</Filter>
    </ClInclude>
    <ClInclude Include="Source\Runtime\InputCore\InputManager.h">
      <Filter>Source\Runtime\InputCore</Filter>
    </ClInclude>
    <ClInclude Include="Source\Editor\PlatformProcess.h">
      <Filter>Source\Editor</Filter>
    </ClInclude>
    <ClInclude Include="Source\Editor\ImGuiConsole.h">
      <Filter>Source\Editor</Filter>
    </ClInclude>
    <ClInclude Include="Source\Editor\ObjManager.h">
      <Filter>Source\Editor</Filter>
    </ClInclude>
    <ClInclude Include="Source\Editor\SelectionManager.h">
      <Filter>Source\Editor</Filter>
    </ClInclude>
    <ClInclude Include="Source\Editor\Gizmo\GizmoActor.h">
      <Filter>Source\Editor\Gizmo</Filter>
    </ClInclude>
    <ClInclude Include="Source\Editor\Gizmo\GizmoArrowComponent.h">
      <Filter>Source\Editor\Gizmo</Filter>
    </ClInclude>
    <ClInclude Include="Source\Editor\Gizmo\GizmoRotateComponent.h">
      <Filter>Source\Editor\Gizmo</Filter>
    </ClInclude>
    <ClInclude Include="Source\Editor\Gizmo\GizmoScaleComponent.h">
      <Filter>Source\Editor\Gizmo</Filter>
    </ClInclude>
    <ClInclude Include="Source\Editor\Grid\Grid.h">
      <Filter>Source\Editor\Grid</Filter>
    </ClInclude>
    <ClInclude Include="Source\Editor\Grid\GridActor.h">
      <Filter>Source\Editor\Grid</Filter>
    </ClInclude>
    <ClInclude Include="Source\Editor\Clipboard\ClipboardManager.h">
      <Filter>Source\Editor\Clipboard</Filter>
    </ClInclude>
    <ClInclude Include="Source\Slate\GlobalConsole.h">
      <Filter>Source\Slate</Filter>
    </ClInclude>
    <ClInclude Include="Source\Slate\StatsOverlayD2D.h">
      <Filter>Source\Slate</Filter>
    </ClInclude>
    <ClInclude Include="Source\Slate\UIManager.h">
      <Filter>Source\Slate</Filter>
    </ClInclude>
    <ClInclude Include="Source\Slate\USlateManager.h">
      <Filter>Source\Slate</Filter>
    </ClInclude>
    <ClInclude Include="Source\Slate\Widgets\PropertyRenderer.h">
      <Filter>Source\Slate\Widgets</Filter>
    </ClInclude>
    <ClInclude Include="Source\Slate\Widgets\ConsoleWidget.h">
      <Filter>Source\Slate\Widgets</Filter>
    </ClInclude>
    <ClInclude Include="Source\Slate\Widgets\InputInformationWidget.h">
      <Filter>Source\Slate\Widgets</Filter>
    </ClInclude>
    <ClInclude Include="Source\Slate\Widgets\MainToolbarWidget.h">
      <Filter>Source\Slate\Widgets</Filter>
    </ClInclude>
    <ClInclude Include="Source\Slate\Widgets\SceneManagerWidget.h">
      <Filter>Source\Slate\Widgets</Filter>
    </ClInclude>
    <ClInclude Include="Source\Slate\Widgets\TargetActorTransformWidget.h">
      <Filter>Source\Slate\Widgets</Filter>
    </ClInclude>
    <ClInclude Include="Source\Slate\Widgets\Widget.h">
      <Filter>Source\Slate\Widgets</Filter>
    </ClInclude>
    <ClInclude Include="Source\Slate\Windows\ConsoleWindow.h">
      <Filter>Source\Slate\Windows</Filter>
    </ClInclude>
    <ClInclude Include="Source\Slate\Windows\ControlPanelWindow.h">
      <Filter>Source\Slate\Windows</Filter>
    </ClInclude>
    <ClInclude Include="Source\Slate\Windows\ExperimentalFeatureWindow.h">
      <Filter>Source\Slate\Windows</Filter>
    </ClInclude>
    <ClInclude Include="Source\Slate\Windows\PropertyWindow.h">
      <Filter>Source\Slate\Windows</Filter>
    </ClInclude>
    <ClInclude Include="Source\Slate\Windows\SceneWindow.h">
      <Filter>Source\Slate\Windows</Filter>
    </ClInclude>
    <ClInclude Include="Source\Slate\Windows\SControlPanel.h">
      <Filter>Source\Slate\Windows</Filter>
    </ClInclude>
    <ClInclude Include="Source\Slate\Windows\SDetailsWindow.h">
      <Filter>Source\Slate\Windows</Filter>
    </ClInclude>
    <ClInclude Include="Source\Slate\Windows\SSplitter.h">
      <Filter>Source\Slate\Windows</Filter>
    </ClInclude>
    <ClInclude Include="Source\Slate\Windows\SSplitterH.h">
      <Filter>Source\Slate\Windows</Filter>
    </ClInclude>
    <ClInclude Include="Source\Slate\Windows\SSplitterV.h">
      <Filter>Source\Slate\Windows</Filter>
    </ClInclude>
    <ClInclude Include="Source\Slate\Windows\SViewportWindow.h">
      <Filter>Source\Slate\Windows</Filter>
    </ClInclude>
    <ClInclude Include="Source\Slate\Windows\SWindow.h">
      <Filter>Source\Slate\Windows</Filter>
    </ClInclude>
    <ClInclude Include="Source\Slate\Windows\UIWindow.h">
      <Filter>Source\Slate\Windows</Filter>
    </ClInclude>
    <ClInclude Include="Source\Slate\Factory\UIWindowFactory.h">
      <Filter>Source\Slate\Factory</Filter>
    </ClInclude>
    <ClInclude Include="Source\Slate\ImGui\ImGuiHelper.h">
      <Filter>Source\Slate\ImGui</Filter>
    </ClInclude>
    <ClInclude Include="ThirdParty\Lua\include\lauxlib.h">
      <Filter>ThirdParty\Lua\include</Filter>
    </ClInclude>
    <ClInclude Include="ThirdParty\Lua\include\lua.h">
      <Filter>ThirdParty\Lua\include</Filter>
    </ClInclude>
    <ClInclude Include="ThirdParty\Lua\include\lua.hpp">
      <Filter>ThirdParty\Lua\include</Filter>
    </ClInclude>
    <ClInclude Include="ThirdParty\Lua\include\luaconf.h">
      <Filter>ThirdParty\Lua\include</Filter>
    </ClInclude>
    <ClInclude Include="ThirdParty\Lua\include\lualib.h">
      <Filter>ThirdParty\Lua\include</Filter>
    </ClInclude>
    <ClInclude Include="ThirdParty\DirectXTK\include\Audio.h">
      <Filter>ThirdParty\DirectXTK\include</Filter>
    </ClInclude>
    <ClInclude Include="ThirdParty\DirectXTK\include\BufferHelpers.h">
      <Filter>ThirdParty\DirectXTK\include</Filter>
    </ClInclude>
    <ClInclude Include="ThirdParty\DirectXTK\include\CommonStates.h">
      <Filter>ThirdParty\DirectXTK\include</Filter>
    </ClInclude>
    <ClInclude Include="ThirdParty\DirectXTK\include\DDSTextureLoader.h">
      <Filter>ThirdParty\DirectXTK\include</Filter>
    </ClInclude>
    <ClInclude Include="ThirdParty\DirectXTK\include\DirectXHelpers.h">
      <Filter>ThirdParty\DirectXTK\include</Filter>
    </ClInclude>
    <ClInclude Include="ThirdParty\DirectXTK\include\Effects.h">
      <Filter>ThirdParty\DirectXTK\include</Filter>
    </ClInclude>
    <ClInclude Include="ThirdParty\DirectXTK\include\GamePad.h">
      <Filter>ThirdParty\DirectXTK\include</Filter>
    </ClInclude>
    <ClInclude Include="ThirdParty\DirectXTK\include\GeometricPrimitive.h">
      <Filter>ThirdParty\DirectXTK\include</Filter>
    </ClInclude>
    <ClInclude Include="ThirdParty\DirectXTK\include\GraphicsMemory.h">
      <Filter>ThirdParty\DirectXTK\include</Filter>
    </ClInclude>
    <ClInclude Include="ThirdParty\DirectXTK\include\Keyboard.h">
      <Filter>ThirdParty\DirectXTK\include</Filter>
    </ClInclude>
    <ClInclude Include="ThirdParty\DirectXTK\include\Model.h">
      <Filter>ThirdParty\DirectXTK\include</Filter>
    </ClInclude>
    <ClInclude Include="ThirdParty\DirectXTK\include\Mouse.h">
      <Filter>ThirdParty\DirectXTK\include</Filter>
    </ClInclude>
    <ClInclude Include="ThirdParty\DirectXTK\include\PostProcess.h">
      <Filter>ThirdParty\DirectXTK\include</Filter>
    </ClInclude>
    <ClInclude Include="ThirdParty\DirectXTK\include\PrimitiveBatch.h">
      <Filter>ThirdParty\DirectXTK\include</Filter>
    </ClInclude>
    <ClInclude Include="ThirdParty\DirectXTK\include\ScreenGrab.h">
      <Filter>ThirdParty\DirectXTK\include</Filter>
    </ClInclude>
    <ClInclude Include="ThirdParty\DirectXTK\include\SimpleMath.h">
      <Filter>ThirdParty\DirectXTK\include</Filter>
    </ClInclude>
    <ClInclude Include="ThirdParty\DirectXTK\include\SpriteBatch.h">
      <Filter>ThirdParty\DirectXTK\include</Filter>
    </ClInclude>
    <ClInclude Include="ThirdParty\DirectXTK\include\SpriteFont.h">
      <Filter>ThirdParty\DirectXTK\include</Filter>
    </ClInclude>
    <ClInclude Include="ThirdParty\DirectXTK\include\VertexTypes.h">
      <Filter>ThirdParty\DirectXTK\include</Filter>
    </ClInclude>
    <ClInclude Include="ThirdParty\DirectXTK\include\WICTextureLoader.h">
      <Filter>ThirdParty\DirectXTK\include</Filter>
    </ClInclude>
    <ClInclude Include="ThirdParty\DirectXTK\include\XboxDDSTextureLoader.h">
      <Filter>ThirdParty\DirectXTK\include</Filter>
    </ClInclude>
    <ClInclude Include="ThirdParty\ImGui\imconfig.h">
      <Filter>ThirdParty\ImGui</Filter>
    </ClInclude>
    <ClInclude Include="ThirdParty\ImGui\imgui.h">
      <Filter>ThirdParty\ImGui</Filter>
    </ClInclude>
    <ClInclude Include="ThirdParty\ImGui\imgui_impl_dx11.h">
      <Filter>ThirdParty\ImGui</Filter>
    </ClInclude>
    <ClInclude Include="ThirdParty\ImGui\imgui_impl_win32.h">
      <Filter>ThirdParty\ImGui</Filter>
    </ClInclude>
    <ClInclude Include="ThirdParty\ImGui\imgui_internal.h">
      <Filter>ThirdParty\ImGui</Filter>
    </ClInclude>
    <ClInclude Include="ThirdParty\ImGui\imstb_rectpack.h">
      <Filter>ThirdParty\ImGui</Filter>
    </ClInclude>
    <ClInclude Include="ThirdParty\ImGui\imstb_textedit.h">
      <Filter>ThirdParty\ImGui</Filter>
    </ClInclude>
    <ClInclude Include="ThirdParty\ImGui\imstb_truetype.h">
      <Filter>ThirdParty\ImGui</Filter>
    </ClInclude>
    <ClInclude Include="Source\Runtime\Renderer\PostProcessing\HeightFogPass.h" />
    <ClInclude Include="Source\Runtime\Renderer\PostProcessing\PostProcessing.h" />
    <ClInclude Include="Source\Runtime\Engine\GameFramework\PlayerCameraManager.h">
    <ClInclude Include="Source\Runtime\Engine\GameFramework\GameEngine.h">
      <Filter>Source\Runtime\Engine\GameFramework</Filter>
    </ClInclude>
  </ItemGroup>
  <ItemGroup>
    <Filter Include="Source">
      <UniqueIdentifier>{aacbb9ac-36a8-4606-9ede-965c26dec75c}</UniqueIdentifier>
    </Filter>
    <Filter Include="Source\Runtime">
      <UniqueIdentifier>{1c2b11dc-74ed-4f32-ac7d-c9b9f2da6771}</UniqueIdentifier>
    </Filter>
    <Filter Include="Source\Runtime\Engine">
      <UniqueIdentifier>{25349af0-8382-4878-b018-e9e5ed7cb2e1}</UniqueIdentifier>
    </Filter>
    <Filter Include="Source\Runtime\Engine\GameFramework">
      <UniqueIdentifier>{c400003f-0699-4330-9308-336ab9562b6e}</UniqueIdentifier>
    </Filter>
    <Filter Include="Source\Runtime\Engine\Scripting">
      <UniqueIdentifier>{ae792a71-aecf-439c-be93-d008970836f6}</UniqueIdentifier>
    </Filter>
    <Filter Include="Source\Runtime\Engine\Components">
      <UniqueIdentifier>{71e43609-c56e-4b46-9194-2ee8db0c2535}</UniqueIdentifier>
    </Filter>
    <Filter Include="Source\Runtime\Engine\Collision">
      <UniqueIdentifier>{1591b447-b695-405f-b13a-58eb1d2f45af}</UniqueIdentifier>
    </Filter>
    <Filter Include="Source\Runtime\Engine\Spatial">
      <UniqueIdentifier>{79d83054-ca12-4f91-8391-9beca09e40a0}</UniqueIdentifier>
    </Filter>
    <Filter Include="Source\Runtime\Core">
      <UniqueIdentifier>{48fd032d-6947-42b2-937d-f959cc28aa0b}</UniqueIdentifier>
    </Filter>
    <Filter Include="Source\Runtime\Core\Misc">
      <UniqueIdentifier>{e9b39ffc-76af-4ad8-ae3b-f937bab43d42}</UniqueIdentifier>
    </Filter>
    <Filter Include="Source\Runtime\Core\Math">
      <UniqueIdentifier>{5970ecb7-dc7e-4a0a-bf3d-80bd6861bcd6}</UniqueIdentifier>
    </Filter>
    <Filter Include="Source\Runtime\Core\Object">
      <UniqueIdentifier>{57c5b854-93f5-4fe2-80fe-b7b63f6dc722}</UniqueIdentifier>
    </Filter>
    <Filter Include="Source\Runtime\Core\Containers">
      <UniqueIdentifier>{c7c3f489-5696-43f3-8942-2fcd74288c3f}</UniqueIdentifier>
    </Filter>
    <Filter Include="Source\Runtime\Core\Memory">
      <UniqueIdentifier>{b517745b-a29e-4968-95e5-7fc3752c6d33}</UniqueIdentifier>
    </Filter>
    <Filter Include="Source\Runtime\Renderer">
      <UniqueIdentifier>{b4108c35-cf42-4c2c-ac95-6282f6a028e3}</UniqueIdentifier>
    </Filter>
    <Filter Include="Source\Runtime\RHI">
      <UniqueIdentifier>{5ff0e7fa-79bd-44d4-85d0-22663bceaa88}</UniqueIdentifier>
    </Filter>
    <Filter Include="Source\Runtime\AssetManagement">
      <UniqueIdentifier>{5edf0898-5ebf-4755-8e0c-0353c232e54e}</UniqueIdentifier>
    </Filter>
    <Filter Include="Source\Runtime\InputCore">
      <UniqueIdentifier>{29049391-4251-4f40-8e8d-70d4307423e5}</UniqueIdentifier>
    </Filter>
    <Filter Include="Source\Editor">
      <UniqueIdentifier>{45e4656e-0ba9-441f-9189-adb05300c4fb}</UniqueIdentifier>
    </Filter>
    <Filter Include="Source\Editor\Gizmo">
      <UniqueIdentifier>{c6044a6f-c74d-479f-be83-64c6986b3374}</UniqueIdentifier>
    </Filter>
    <Filter Include="Source\Editor\Grid">
      <UniqueIdentifier>{565ed5b1-2bb1-4308-b2e7-5b1d01382860}</UniqueIdentifier>
    </Filter>
    <Filter Include="Source\Editor\Clipboard">
      <UniqueIdentifier>{1a503734-cf1d-4531-ad43-47871480b81c}</UniqueIdentifier>
    </Filter>
    <Filter Include="Source\Slate">
      <UniqueIdentifier>{c6a6bebf-08f8-44c3-9a02-316cd2e2f6d0}</UniqueIdentifier>
    </Filter>
    <Filter Include="Source\Slate\Widgets">
      <UniqueIdentifier>{2ecafe47-1cfb-4427-b6c7-16822f8a5789}</UniqueIdentifier>
    </Filter>
    <Filter Include="Source\Slate\Windows">
      <UniqueIdentifier>{6443967d-09b6-4e91-af08-b5c78d5700b6}</UniqueIdentifier>
    </Filter>
    <Filter Include="Source\Slate\Factory">
      <UniqueIdentifier>{929e483a-0973-4009-922a-5245d4d87e92}</UniqueIdentifier>
    </Filter>
    <Filter Include="Source\Slate\ImGui">
      <UniqueIdentifier>{d388ff9b-4f48-4c9c-a34e-e561985ea772}</UniqueIdentifier>
    </Filter>
    <Filter Include="ThirdParty">
      <UniqueIdentifier>{4ad4f138-d2e7-4045-8477-c84f444e682c}</UniqueIdentifier>
    </Filter>
    <Filter Include="ThirdParty\Lua">
      <UniqueIdentifier>{e40b1eda-c19b-4ced-97e8-6d0b54e13c92}</UniqueIdentifier>
    </Filter>
    <Filter Include="ThirdParty\Lua\include">
      <UniqueIdentifier>{31b2b07a-ab35-43b8-bdf7-d802651c4b40}</UniqueIdentifier>
    </Filter>
    <Filter Include="ThirdParty\DirectXTK">
      <UniqueIdentifier>{1870c187-9aea-4a73-8800-fa2b348679ae}</UniqueIdentifier>
    </Filter>
    <Filter Include="ThirdParty\DirectXTK\include">
      <UniqueIdentifier>{18bd305f-ed51-4e77-ab05-e212e68c9d17}</UniqueIdentifier>
    </Filter>
    <Filter Include="ThirdParty\ImGui">
      <UniqueIdentifier>{033ea573-e2e3-4afc-a7d1-91cf5705a3e0}</UniqueIdentifier>
    </Filter>
    <Filter Include="Shaders">
      <UniqueIdentifier>{9646d4f6-aa4b-4425-9159-68c43fa4a2a3}</UniqueIdentifier>
    </Filter>
    <Filter Include="Shaders\Effects">
      <UniqueIdentifier>{70d3f477-d62b-4400-8d9d-996ca7ff1a8b}</UniqueIdentifier>
    </Filter>
    <Filter Include="Shaders\PostProcess">
      <UniqueIdentifier>{0b665f02-4ae0-430a-ad2d-d6299a631bd3}</UniqueIdentifier>
    </Filter>
    <Filter Include="Shaders\Utility">
      <UniqueIdentifier>{12859cdf-355a-4300-a7ba-fe142dc1f3ef}</UniqueIdentifier>
    </Filter>
    <Filter Include="Shaders\UI">
      <UniqueIdentifier>{92e7192c-82f8-47b6-893a-25b696207919}</UniqueIdentifier>
    </Filter>
    <Filter Include="Shaders\Materials">
      <UniqueIdentifier>{dfc29fcd-66da-4a07-8574-a2484c3019b5}</UniqueIdentifier>
    </Filter>
    <Filter Include="Shaders\Common">
      <UniqueIdentifier>{55ea9d0b-96fd-47e9-aa08-68f9d6678905}</UniqueIdentifier>
    </Filter>
    <Filter Include="Shaders\Shadows">
      <UniqueIdentifier>{a7b363cd-171e-40ec-a87b-f23e1f8d3c87}</UniqueIdentifier>
    </Filter>
  </ItemGroup>
</Project>