<?xml version='1.0' encoding='utf-8'?>
<Project xmlns="http://schemas.microsoft.com/developer/msbuild/2003" ToolsVersion="4.0">
  <ItemGroup>
    <FxCompile Include="Shaders\PostProcess\GammaCorrection_PS.hlsl">
      <Filter>Shaders\PostProcess</Filter>
    </FxCompile>
    <FxCompile Include="Shaders\PostProcess\HeightFog_PS.hlsl">
      <Filter>Shaders\PostProcess</Filter>
    </FxCompile>
    <FxCompile Include="Shaders\PostProcess\TileDebugVisualization_PS.hlsl">
      <Filter>Shaders\PostProcess</Filter>
    </FxCompile>
    <FxCompile Include="Shaders\PostProcess\FXAA_PS.hlsl">
      <Filter>Shaders\PostProcess</Filter>
    </FxCompile>
    <FxCompile Include="Shaders\Materials\Fireball.hlsl">
      <Filter>Shaders\Materials</Filter>
    </FxCompile>
    <FxCompile Include="Shaders\Materials\UberLit.hlsl">
      <Filter>Shaders\Materials</Filter>
    </FxCompile>
    <FxCompile Include="Shaders\Shadows\DepthOnly_PS.hlsl">
      <Filter>Shaders\Shadows</Filter>
    </FxCompile>
    <FxCompile Include="Shaders\Shadows\DepthOnly_VS.hlsl">
      <Filter>Shaders\Shadows</Filter>
    </FxCompile>
    <FxCompile Include="Shaders\Common\LightingBuffers.hlsl">
      <Filter>Shaders\Common</Filter>
    </FxCompile>
    <FxCompile Include="Shaders\Common\LightingCommon.hlsl">
      <Filter>Shaders\Common</Filter>
    </FxCompile>
    <FxCompile Include="Shaders\Common\LightStructures.hlsl">
      <Filter>Shaders\Common</Filter>
    </FxCompile>
    <FxCompile Include="Shaders\UI\Billboard.hlsl">
      <Filter>Shaders\UI</Filter>
    </FxCompile>
    <FxCompile Include="Shaders\UI\Gizmo.hlsl">
      <Filter>Shaders\UI</Filter>
    </FxCompile>
    <FxCompile Include="Shaders\UI\ShaderLine.hlsl">
      <Filter>Shaders\UI</Filter>
    </FxCompile>
    <FxCompile Include="Shaders\UI\TextBillboard.hlsl">
      <Filter>Shaders\UI</Filter>
    </FxCompile>
    <FxCompile Include="Shaders\Effects\Decal.hlsl">
      <Filter>Shaders\Effects</Filter>
    </FxCompile>
    <FxCompile Include="Shaders\Utility\Blit_PS.hlsl">
      <Filter>Shaders\Utility</Filter>
    </FxCompile>
    <FxCompile Include="Shaders\Utility\FullScreenTriangle_VS.hlsl">
      <Filter>Shaders\Utility</Filter>
    </FxCompile>
    <FxCompile Include="Shaders\Utility\SceneDepth_PS.hlsl">
      <Filter>Shaders\Utility</Filter>
    </FxCompile>
  </ItemGroup>
  <ItemGroup>
    <ClCompile Include="Generated\ASkeletalMeshActor.generated.cpp">
      <Filter>Generated</Filter>
    </ClCompile>
    <ClCompile Include="Generated\USkinnedMeshComponent.generated.cpp">
      <Filter>Generated</Filter>
    </ClCompile>
    <ClCompile Include="Generated\USkeletalMeshComponent.generated.cpp">
      <Filter>Generated</Filter>
    </ClCompile>
    <ClCompile Include="pch.cpp" />
    <ClCompile Include="main.cpp" />
    <ClCompile Include="Source\Runtime\Engine\Animation\AnimBlendMath.cpp">
      <Filter>Source\Runtime\Engine\Animation</Filter>
    </ClCompile>
    <ClCompile Include="Source\Runtime\Engine\Animation\AnimBlendSpace2D.cpp">
      <Filter>Source\Runtime\Engine\Animation</Filter>
    </ClCompile>
    <ClCompile Include="Source\Runtime\Engine\Animation\AnimBlendSpaceInstance.cpp">
      <Filter>Source\Runtime\Engine\Animation</Filter>
    </ClCompile>
    <ClCompile Include="Source\Runtime\Engine\Animation\AnimStateMachineInstance.cpp">
      <Filter>Source\Runtime\Engine\Animation</Filter>
    </ClCompile>
    <ClCompile Include="Source\Runtime\Engine\Animation\AnimationRuntime.cpp">
      <Filter>Source\Runtime\Engine\Animation</Filter>
    </ClCompile>
    <ClCompile Include="Source\Runtime\Engine\Animation\AnimInstance.cpp">
      <Filter>Source\Runtime\Engine\Animation</Filter>
    </ClCompile>
    <ClCompile Include="Source\Runtime\Engine\Animation\AnimSingleNodeInstance.cpp">
      <Filter>Source\Runtime\Engine\Animation</Filter>
    </ClCompile>
    <ClCompile Include="Source\Runtime\Engine\Animation\AnimationAsset.cpp">
      <Filter>Source\Runtime\Engine\Animation</Filter>
    </ClCompile>
    <ClCompile Include="Source\Runtime\Engine\Animation\AnimDataModel.cpp">
      <Filter>Source\Runtime\Engine\Animation</Filter>
    </ClCompile>
    <ClCompile Include="Source\Runtime\Engine\Animation\AnimSequence.cpp">
      <Filter>Source\Runtime\Engine\Animation</Filter>
    </ClCompile>
    <ClCompile Include="Source\Runtime\Engine\Animation\AnimSequenceBase.cpp">
      <Filter>Source\Runtime\Engine\Animation</Filter>
    </ClCompile>
    <ClCompile Include="Source\Runtime\Engine\Animation\AnimStateMachine.cpp">
      <Filter>Source\Runtime\Engine\Animation</Filter>
    </ClCompile>
    <ClCompile Include="Source\Runtime\Engine\Animation\AnimSequencePlayer.cpp">
      <Filter>Source\Runtime\Engine\Animation</Filter>
    </ClCompile>
    <ClCompile Include="Source\Runtime\Engine\Components\CharacterMovementComponent.cpp">
      <Filter>Source\Runtime\Engine\Components</Filter>
    </ClCompile>
    <ClCompile Include="Source\Runtime\Engine\Components\InputComponent.cpp">
      <Filter>Source\Runtime\Engine\Components</Filter>
    </ClCompile>
    <ClCompile Include="Source\Runtime\Engine\Components\SpringArmComponent.cpp">
      <Filter>Source\Runtime\Engine\Components</Filter>
    </ClCompile>
    <ClCompile Include="Source\Runtime\Engine\Components\SkeletalMeshComponent.cpp">
      <Filter>Source\Runtime\Engine\Components</Filter>
    </ClCompile>
    <ClCompile Include="Source\Runtime\Engine\Components\SkinnedMeshComponent.cpp">
      <Filter>Source\Runtime\Engine\Components</Filter>
    </ClCompile>
    <ClCompile Include="Source\Runtime\Engine\Components\BoneAnchorComponent.cpp">
      <Filter>Source\Runtime\Engine\Components</Filter>
    </ClCompile>
    <ClCompile Include="Source\Runtime\Engine\Components\AmbientLightComponent.cpp">
      <Filter>Source\Runtime\Engine\Components</Filter>
    </ClCompile>
    <ClCompile Include="Source\Runtime\Engine\Components\AudioComponent.cpp">
      <Filter>Source\Runtime\Engine\Components</Filter>
    </ClCompile>
    <ClCompile Include="Source\Runtime\Engine\Components\CapsuleComponent.cpp">
      <Filter>Source\Runtime\Engine\Components</Filter>
    </ClCompile>
    <ClCompile Include="Source\Runtime\Engine\Components\DirectionalLightComponent.cpp">
      <Filter>Source\Runtime\Engine\Components</Filter>
    </ClCompile>
    <ClCompile Include="Source\Runtime\Engine\Components\LightComponent.cpp">
      <Filter>Source\Runtime\Engine\Components</Filter>
    </ClCompile>
    <ClCompile Include="Source\Runtime\Engine\Components\LightComponentBase.cpp">
      <Filter>Source\Runtime\Engine\Components</Filter>
    </ClCompile>
    <ClCompile Include="Source\Runtime\Engine\Components\LocalLightComponent.cpp">
      <Filter>Source\Runtime\Engine\Components</Filter>
    </ClCompile>
    <ClCompile Include="Source\Runtime\Engine\Components\LuaScriptComponent.cpp">
      <Filter>Source\Runtime\Engine\Components</Filter>
    </ClCompile>
    <ClCompile Include="Source\Runtime\Engine\Components\MovementComponent.cpp">
      <Filter>Source\Runtime\Engine\Components</Filter>
    </ClCompile>
    <ClCompile Include="Source\Runtime\Engine\Components\PointLightComponent.cpp">
      <Filter>Source\Runtime\Engine\Components</Filter>
    </ClCompile>
    <ClCompile Include="Source\Runtime\Engine\Components\ProjectileMovementComponent.cpp">
      <Filter>Source\Runtime\Engine\Components</Filter>
    </ClCompile>
    <ClCompile Include="Source\Runtime\Engine\Components\RotatingMovementComponent.cpp">
      <Filter>Source\Runtime\Engine\Components</Filter>
    </ClCompile>
    <ClCompile Include="Source\Runtime\Engine\Components\SphereComponent.cpp">
      <Filter>Source\Runtime\Engine\Components</Filter>
    </ClCompile>
    <ClCompile Include="Source\Runtime\Engine\Components\SpotLightComponent.cpp">
      <Filter>Source\Runtime\Engine\Components</Filter>
    </ClCompile>
    <ClCompile Include="Source\Runtime\Engine\Components\BoxComponent.cpp">
      <Filter>Source\Runtime\Engine\Components</Filter>
    </ClCompile>
    <ClCompile Include="Source\Runtime\Engine\Components\ShapeComponent.cpp">
      <Filter>Source\Runtime\Engine\Components</Filter>
    </ClCompile>
    <ClCompile Include="Source\Runtime\Engine\Components\BillboardComponent.cpp">
      <Filter>Source\Runtime\Engine\Components</Filter>
    </ClCompile>
    <ClCompile Include="Source\Runtime\Engine\Components\CameraComponent.cpp">
      <Filter>Source\Runtime\Engine\Components</Filter>
    </ClCompile>
    <ClCompile Include="Source\Runtime\Engine\Components\DecalComponent.cpp">
      <Filter>Source\Runtime\Engine\Components</Filter>
    </ClCompile>
    <ClCompile Include="Source\Runtime\Engine\Components\HeightFogComponent.cpp">
      <Filter>Source\Runtime\Engine\Components</Filter>
    </ClCompile>
    <ClCompile Include="Source\Runtime\Engine\Components\LineComponent.cpp">
      <Filter>Source\Runtime\Engine\Components</Filter>
    </ClCompile>
    <ClCompile Include="Source\Runtime\Engine\Components\MeshComponent.cpp">
      <Filter>Source\Runtime\Engine\Components</Filter>
    </ClCompile>
    <ClCompile Include="Source\Runtime\Engine\Components\PerspectiveDecalComponent.cpp">
      <Filter>Source\Runtime\Engine\Components</Filter>
    </ClCompile>
    <ClCompile Include="Source\Runtime\Engine\Components\PrimitiveComponent.cpp">
      <Filter>Source\Runtime\Engine\Components</Filter>
    </ClCompile>
    <ClCompile Include="Source\Runtime\Engine\Components\SceneComponent.cpp">
      <Filter>Source\Runtime\Engine\Components</Filter>
    </ClCompile>
    <ClCompile Include="Source\Runtime\Engine\Components\StaticMeshComponent.cpp">
      <Filter>Source\Runtime\Engine\Components</Filter>
    </ClCompile>
    <ClCompile Include="Source\Runtime\Engine\Components\TextRenderComponent.cpp">
      <Filter>Source\Runtime\Engine\Components</Filter>
    </ClCompile>
    <ClCompile Include="Source\Runtime\Engine\GameFramework\Character.cpp">
      <Filter>Source\Runtime\Engine\GameFramework</Filter>
    </ClCompile>
    <ClCompile Include="Source\Runtime\Engine\GameFramework\Controller.cpp">
      <Filter>Source\Runtime\Engine\GameFramework</Filter>
    </ClCompile>
    <ClCompile Include="Source\Runtime\Engine\GameFramework\GameModeBase.cpp">
      <Filter>Source\Runtime\Engine\GameFramework</Filter>
    </ClCompile>
    <ClCompile Include="Source\Runtime\Engine\GameFramework\GameStateBase.cpp">
      <Filter>Source\Runtime\Engine\GameFramework</Filter>
    </ClCompile>
    <ClCompile Include="Source\Runtime\Engine\GameFramework\Pawn.cpp">
      <Filter>Source\Runtime\Engine\GameFramework</Filter>
    </ClCompile>
    <ClCompile Include="Source\Runtime\Engine\GameFramework\PlayerController.cpp">
      <Filter>Source\Runtime\Engine\GameFramework</Filter>
    </ClCompile>
    <ClCompile Include="Source\Runtime\Engine\GameFramework\DancingCharacter.cpp">
      <Filter>Source\Runtime\Engine\GameFramework</Filter>
    </ClCompile>
    <ClCompile Include="Source\Runtime\Engine\GameFramework\SkeletalMeshActor.cpp">
      <Filter>Source\Runtime\Engine\GameFramework</Filter>
    </ClCompile>
    <ClCompile Include="Source\Runtime\Engine\GameFramework\AmbientLightActor.cpp">
      <Filter>Source\Runtime\Engine\GameFramework</Filter>
    </ClCompile>
    <ClCompile Include="Source\Runtime\Engine\GameFramework\FAudioDevice.cpp">
      <Filter>Source\Runtime\Engine\GameFramework</Filter>
    </ClCompile>
    <ClCompile Include="Source\Runtime\Engine\GameFramework\PlayerCameraManager.cpp">
      <Filter>Source\Runtime\Engine\GameFramework</Filter>
    </ClCompile>
    <ClCompile Include="Source\Runtime\Engine\GameFramework\GameEngine.cpp">
      <Filter>Source\Runtime\Engine\GameFramework</Filter>
    </ClCompile>
    <ClCompile Include="Source\Runtime\Engine\GameFramework\DirectionalLightActor.cpp">
      <Filter>Source\Runtime\Engine\GameFramework</Filter>
    </ClCompile>
    <ClCompile Include="Source\Runtime\Engine\GameFramework\EmptyActor.cpp">
      <Filter>Source\Runtime\Engine\GameFramework</Filter>
    </ClCompile>
    <ClCompile Include="Source\Runtime\Engine\GameFramework\HeightFogActor.cpp">
      <Filter>Source\Runtime\Engine\GameFramework</Filter>
    </ClCompile>
    <ClCompile Include="Source\Runtime\Engine\GameFramework\Info.cpp">
      <Filter>Source\Runtime\Engine\GameFramework</Filter>
    </ClCompile>
    <ClCompile Include="Source\Runtime\Engine\GameFramework\PointLightActor.cpp">
      <Filter>Source\Runtime\Engine\GameFramework</Filter>
    </ClCompile>
    <ClCompile Include="Source\Runtime\Engine\GameFramework\SpotLightActor.cpp">
      <Filter>Source\Runtime\Engine\GameFramework</Filter>
    </ClCompile>
    <ClCompile Include="Source\Runtime\Engine\GameFramework\CameraActor.cpp">
      <Filter>Source\Runtime\Engine\GameFramework</Filter>
    </ClCompile>
    <ClCompile Include="Source\Runtime\Engine\GameFramework\DecalActor.cpp">
      <Filter>Source\Runtime\Engine\GameFramework</Filter>
    </ClCompile>
    <ClCompile Include="Source\Runtime\Engine\GameFramework\EditorEngine.cpp">
      <Filter>Source\Runtime\Engine\GameFramework</Filter>
    </ClCompile>
    <ClCompile Include="Source\Runtime\Engine\GameFramework\FakeSpotLightActor.cpp">
      <Filter>Source\Runtime\Engine\GameFramework</Filter>
    </ClCompile>
    <ClCompile Include="Source\Runtime\Engine\GameFramework\Level.cpp">
      <Filter>Source\Runtime\Engine\GameFramework</Filter>
    </ClCompile>
    <ClCompile Include="Source\Runtime\Engine\GameFramework\StaticMeshActor.cpp">
      <Filter>Source\Runtime\Engine\GameFramework</Filter>
    </ClCompile>
    <ClCompile Include="Source\Runtime\Engine\GameFramework\World.cpp">
      <Filter>Source\Runtime\Engine\GameFramework</Filter>
    </ClCompile>
    <ClCompile Include="Source\Runtime\Engine\GameFramework\WorldPartitionManager.cpp">
      <Filter>Source\Runtime\Engine\GameFramework</Filter>
    </ClCompile>
    <ClCompile Include="Source\Runtime\Engine\GameFramework\Camera\CamMod_Fade.cpp">
      <Filter>Source\Runtime\Engine\GameFramework\Camera</Filter>
    </ClCompile>
    <ClCompile Include="Source\Runtime\Engine\GameFramework\Camera\CamMod_LetterBox.cpp">
      <Filter>Source\Runtime\Engine\GameFramework\Camera</Filter>
    </ClCompile>
    <ClCompile Include="Source\Runtime\Engine\GameFramework\Camera\CamMod_Vignette.cpp">
      <Filter>Source\Runtime\Engine\GameFramework\Camera</Filter>
    </ClCompile>
    <ClCompile Include="Source\Runtime\Engine\GameFramework\Camera\CameraModifierBase.cpp">
      <Filter>Source\Runtime\Engine\GameFramework\Camera</Filter>
    </ClCompile>
    <ClCompile Include="Source\Runtime\Engine\GameFramework\Camera\CamMod_Shake.cpp">
      <Filter>Source\Runtime\Engine\GameFramework\Camera</Filter>
    </ClCompile>
    <ClCompile Include="Source\Runtime\Engine\Viewer\BlendSpaceEditorBootstrap.cpp">
      <Filter>Source\Runtime\Engine\Viewer</Filter>
    </ClCompile>
    <ClCompile Include="Source\Runtime\Engine\Viewer\AnimationViewerBootstrap.cpp">
      <Filter>Source\Runtime\Engine\Viewer</Filter>
    </ClCompile>
    <ClCompile Include="Source\Runtime\Engine\Viewer\EditorAssetPreviewContext.cpp">
      <Filter>Source\Runtime\Engine\Viewer</Filter>
    </ClCompile>
    <ClCompile Include="Source\Runtime\Engine\Viewer\SkeletalViewerBootstrap.cpp">
      <Filter>Source\Runtime\Engine\Viewer</Filter>
    </ClCompile>
    <ClCompile Include="Source\Runtime\Engine\Viewer\ViewerState.cpp">
      <Filter>Source\Runtime\Engine\Viewer</Filter>
    </ClCompile>
    <ClCompile Include="Source\Runtime\Engine\Scripting\GameObject.cpp">
      <Filter>Source\Runtime\Engine\Scripting</Filter>
    </ClCompile>
    <ClCompile Include="Source\Runtime\Engine\Scripting\LuaBindHelpers.cpp">
      <Filter>Source\Runtime\Engine\Scripting</Filter>
    </ClCompile>
    <ClCompile Include="Source\Runtime\Engine\Scripting\LuaBindingRegistry.cpp">
      <Filter>Source\Runtime\Engine\Scripting</Filter>
    </ClCompile>
    <ClCompile Include="Source\Runtime\Engine\Scripting\LuaComponentProxy.cpp">
      <Filter>Source\Runtime\Engine\Scripting</Filter>
    </ClCompile>
    <ClCompile Include="Source\Runtime\Engine\Scripting\LuaCoroutineScheduler.cpp">
      <Filter>Source\Runtime\Engine\Scripting</Filter>
    </ClCompile>
    <ClCompile Include="Source\Runtime\Engine\Scripting\LuaManager.cpp">
      <Filter>Source\Runtime\Engine\Scripting</Filter>
    </ClCompile>
    <ClCompile Include="Source\Runtime\Engine\Audio\Sound.cpp">
      <Filter>Source\Runtime\Engine\Audio</Filter>
    </ClCompile>
    <ClCompile Include="Source\Runtime\Engine\Collision\AABB.cpp">
      <Filter>Source\Runtime\Engine\Collision</Filter>
    </ClCompile>
    <ClCompile Include="Source\Runtime\Engine\Collision\BoundingSphere.cpp">
      <Filter>Source\Runtime\Engine\Collision</Filter>
    </ClCompile>
    <ClCompile Include="Source\Runtime\Engine\Collision\Collision.cpp">
      <Filter>Source\Runtime\Engine\Collision</Filter>
    </ClCompile>
    <ClCompile Include="Source\Runtime\Engine\Collision\Frustum.cpp">
      <Filter>Source\Runtime\Engine\Collision</Filter>
    </ClCompile>
    <ClCompile Include="Source\Runtime\Engine\Collision\OBB.cpp">
      <Filter>Source\Runtime\Engine\Collision</Filter>
    </ClCompile>
    <ClCompile Include="Source\Runtime\Engine\Collision\Picking.cpp">
      <Filter>Source\Runtime\Engine\Collision</Filter>
    </ClCompile>
    <ClCompile Include="Source\Runtime\Engine\Spatial\BVHierarchy.cpp">
      <Filter>Source\Runtime\Engine\Spatial</Filter>
    </ClCompile>
    <ClCompile Include="Source\Runtime\Engine\Spatial\MeshBVH.cpp">
      <Filter>Source\Runtime\Engine\Spatial</Filter>
    </ClCompile>
    <ClCompile Include="Source\Runtime\Engine\Spatial\Occlusion.cpp">
      <Filter>Source\Runtime\Engine\Spatial</Filter>
    </ClCompile>
    <ClCompile Include="Source\Runtime\Engine\Spatial\Octree.cpp">
      <Filter>Source\Runtime\Engine\Spatial</Filter>
    </ClCompile>
    <ClCompile Include="Source\Runtime\Renderer\BlendSpaceEditorViewportClient.cpp">
      <Filter>Source\Runtime\Renderer</Filter>
    </ClCompile>
    <ClCompile Include="Source\Runtime\Renderer\AnimationViewerViewportClient.cpp">
      <Filter>Source\Runtime\Renderer</Filter>
    </ClCompile>
    <ClCompile Include="Source\Runtime\Renderer\SkeletalViewerViewportClient.cpp">
      <Filter>Source\Runtime\Renderer</Filter>
    </ClCompile>
    <ClCompile Include="Source\Runtime\Renderer\LightManager.cpp">
      <Filter>Source\Runtime\Renderer</Filter>
    </ClCompile>
    <ClCompile Include="Source\Runtime\Renderer\SceneView.cpp">
      <Filter>Source\Runtime\Renderer</Filter>
    </ClCompile>
    <ClCompile Include="Source\Runtime\Renderer\TileLightCuller.cpp">
      <Filter>Source\Runtime\Renderer</Filter>
    </ClCompile>
    <ClCompile Include="Source\Runtime\Renderer\SceneRenderer.cpp">
      <Filter>Source\Runtime\Renderer</Filter>
    </ClCompile>
    <ClCompile Include="Source\Runtime\Renderer\SkinningStats.cpp">
      <Filter>Source\Runtime\Renderer</Filter>
    </ClCompile>
    <ClCompile Include="Source\Runtime\Renderer\FViewport.cpp">
      <Filter>Source\Runtime\Renderer</Filter>
    </ClCompile>
    <ClCompile Include="Source\Runtime\Renderer\FViewportClient.cpp">
      <Filter>Source\Runtime\Renderer</Filter>
    </ClCompile>
    <ClCompile Include="Source\Runtime\Renderer\Material.cpp">
      <Filter>Source\Runtime\Renderer</Filter>
    </ClCompile>
    <ClCompile Include="Source\Runtime\Renderer\QuadManager.cpp">
      <Filter>Source\Runtime\Renderer</Filter>
    </ClCompile>
    <ClCompile Include="Source\Runtime\Renderer\Renderer.cpp">
      <Filter>Source\Runtime\Renderer</Filter>
    </ClCompile>
    <ClCompile Include="Source\Runtime\Renderer\RenderSettings.cpp">
      <Filter>Source\Runtime\Renderer</Filter>
    </ClCompile>
    <ClCompile Include="Source\Runtime\Renderer\RenderManager.cpp">
      <Filter>Source\Runtime\Renderer</Filter>
    </ClCompile>
    <ClCompile Include="Source\Runtime\Renderer\Shader.cpp">
      <Filter>Source\Runtime\Renderer</Filter>
    </ClCompile>
    <ClCompile Include="Source\Runtime\Renderer\PostProcessing\GammaPass.cpp">
      <Filter>Source\Runtime\Renderer\PostProcessing</Filter>
    </ClCompile>
    <ClCompile Include="Source\Runtime\Renderer\PostProcessing\HeightFogPass.cpp">
      <Filter>Source\Runtime\Renderer\PostProcessing</Filter>
    </ClCompile>
    <ClCompile Include="Source\Runtime\Renderer\PostProcessing\FadeInOutPass.cpp">
      <Filter>Source\Runtime\Renderer\PostProcessing</Filter>
    </ClCompile>
    <ClCompile Include="Source\Runtime\Renderer\PostProcessing\PostProcessing.cpp">
      <Filter>Source\Runtime\Renderer\PostProcessing</Filter>
    </ClCompile>
    <ClCompile Include="Source\Runtime\Renderer\PostProcessing\VignettePass.cpp">
      <Filter>Source\Runtime\Renderer\PostProcessing</Filter>
    </ClCompile>
    <ClCompile Include="Source\Runtime\AssetManagement\SkeletalMesh.cpp">
      <Filter>Source\Runtime\AssetManagement</Filter>
    </ClCompile>
    <ClCompile Include="Source\Runtime\AssetManagement\DynamicMesh.cpp">
      <Filter>Source\Runtime\AssetManagement</Filter>
    </ClCompile>
    <ClCompile Include="Source\Runtime\AssetManagement\Line.cpp">
      <Filter>Source\Runtime\AssetManagement</Filter>
    </ClCompile>
    <ClCompile Include="Source\Runtime\AssetManagement\LineDynamicMesh.cpp">
      <Filter>Source\Runtime\AssetManagement</Filter>
    </ClCompile>
    <ClCompile Include="Source\Runtime\AssetManagement\MeshLoader.cpp">
      <Filter>Source\Runtime\AssetManagement</Filter>
    </ClCompile>
    <ClCompile Include="Source\Runtime\AssetManagement\Quad.cpp">
      <Filter>Source\Runtime\AssetManagement</Filter>
    </ClCompile>
    <ClCompile Include="Source\Runtime\AssetManagement\ResourceBase.cpp">
      <Filter>Source\Runtime\AssetManagement</Filter>
    </ClCompile>
    <ClCompile Include="Source\Runtime\AssetManagement\ResourceManager.cpp">
      <Filter>Source\Runtime\AssetManagement</Filter>
    </ClCompile>
    <ClCompile Include="Source\Runtime\AssetManagement\StaticMesh.cpp">
      <Filter>Source\Runtime\AssetManagement</Filter>
    </ClCompile>
    <ClCompile Include="Source\Runtime\AssetManagement\Texture.cpp">
      <Filter>Source\Runtime\AssetManagement</Filter>
    </ClCompile>
    <ClCompile Include="Source\Runtime\AssetManagement\TextureConverter.cpp">
      <Filter>Source\Runtime\AssetManagement</Filter>
    </ClCompile>
    <ClCompile Include="Source\Runtime\Core\Misc\VertexData.cpp">
      <Filter>Source\Runtime\Core\Misc</Filter>
    </ClCompile>
    <ClCompile Include="Source\Runtime\Core\Misc\Color.cpp">
      <Filter>Source\Runtime\Core\Misc</Filter>
    </ClCompile>
    <ClCompile Include="Source\Runtime\Core\Misc\FName.cpp">
      <Filter>Source\Runtime\Core\Misc</Filter>
    </ClCompile>
    <ClCompile Include="Source\Runtime\Core\Math\Vector.cpp">
      <Filter>Source\Runtime\Core\Math</Filter>
    </ClCompile>
    <ClCompile Include="Source\Runtime\Core\Object\FireballActor.cpp">
      <Filter>Source\Runtime\Core\Object</Filter>
    </ClCompile>
    <ClCompile Include="Source\Runtime\Core\Object\Actor.cpp">
      <Filter>Source\Runtime\Core\Object</Filter>
    </ClCompile>
    <ClCompile Include="Source\Runtime\Core\Object\ActorComponent.cpp">
      <Filter>Source\Runtime\Core\Object</Filter>
    </ClCompile>
    <ClCompile Include="Source\Runtime\Core\Object\Object.cpp">
      <Filter>Source\Runtime\Core\Object</Filter>
    </ClCompile>
    <ClCompile Include="Source\Runtime\Core\Object\ObjectFactory.cpp">
      <Filter>Source\Runtime\Core\Object</Filter>
    </ClCompile>
    <ClCompile Include="Source\Runtime\Core\Containers\UEContainer.cpp">
      <Filter>Source\Runtime\Core\Containers</Filter>
    </ClCompile>
    <ClCompile Include="Source\Runtime\Core\Memory\MemoryManager.cpp">
      <Filter>Source\Runtime\Core\Memory</Filter>
    </ClCompile>
    <ClCompile Include="Source\Runtime\Core\Memory\PlatformTime.cpp">
      <Filter>Source\Runtime\Core\Memory</Filter>
    </ClCompile>
    <ClCompile Include="Source\Runtime\InputCore\InputManager.cpp">
      <Filter>Source\Runtime\InputCore</Filter>
    </ClCompile>
    <ClCompile Include="Source\Runtime\RHI\D3D11RHI.cpp">
      <Filter>Source\Runtime\RHI</Filter>
    </ClCompile>
    <ClCompile Include="Source\Runtime\RHI\GPUTimer.cpp">
      <Filter>Source\Runtime\RHI</Filter>
    </ClCompile>
    <ClCompile Include="Source\Runtime\RHI\PipelineStateManager.cpp">
      <Filter>Source\Runtime\RHI</Filter>
    </ClCompile>
    <ClCompile Include="Source\Runtime\RHI\PipelineStateObject.cpp">
      <Filter>Source\Runtime\RHI</Filter>
    </ClCompile>
    <ClCompile Include="Source\Runtime\RHI\RHIDevice.cpp">
      <Filter>Source\Runtime\RHI</Filter>
    </ClCompile>
    <ClCompile Include="Source\Slate\ThumbnailManager.cpp">
      <Filter>Source\Slate</Filter>
    </ClCompile>
    <ClCompile Include="Source\Slate\GlobalConsole.cpp">
      <Filter>Source\Slate</Filter>
    </ClCompile>
    <ClCompile Include="Source\Slate\StatsOverlayD2D.cpp">
      <Filter>Source\Slate</Filter>
    </ClCompile>
    <ClCompile Include="Source\Slate\UIManager.cpp">
      <Filter>Source\Slate</Filter>
    </ClCompile>
    <ClCompile Include="Source\Slate\SlateManager.cpp">
      <Filter>Source\Slate</Filter>
    </ClCompile>
    <ClCompile Include="Source\Slate\Windows\SBlendSpaceEditorWindow.cpp">
      <Filter>Source\Slate\Windows</Filter>
    </ClCompile>
    <ClCompile Include="Source\Slate\Windows\ContentBrowserWindow.cpp">
      <Filter>Source\Slate\Windows</Filter>
    </ClCompile>
    <ClCompile Include="Source\Slate\Windows\SAnimationViewerWindow.cpp">
      <Filter>Source\Slate\Windows</Filter>
    </ClCompile>
    <ClCompile Include="Source\Slate\Windows\SSkeletalMeshViewerWindow.cpp">
      <Filter>Source\Slate\Windows</Filter>
    </ClCompile>
    <ClCompile Include="Source\Slate\Windows\SViewerWindow.cpp">
      <Filter>Source\Slate\Windows</Filter>
    </ClCompile>
    <ClCompile Include="Source\Slate\Windows\ConsoleWindow.cpp">
      <Filter>Source\Slate\Windows</Filter>
    </ClCompile>
    <ClCompile Include="Source\Slate\Windows\ControlPanelWindow.cpp">
      <Filter>Source\Slate\Windows</Filter>
    </ClCompile>
    <ClCompile Include="Source\Slate\Windows\ExperimentalFeatureWindow.cpp">
      <Filter>Source\Slate\Windows</Filter>
    </ClCompile>
    <ClCompile Include="Source\Slate\Windows\PropertyWindow.cpp">
      <Filter>Source\Slate\Windows</Filter>
    </ClCompile>
    <ClCompile Include="Source\Slate\Windows\SceneWindow.cpp">
      <Filter>Source\Slate\Windows</Filter>
    </ClCompile>
    <ClCompile Include="Source\Slate\Windows\SControlPanel.cpp">
      <Filter>Source\Slate\Windows</Filter>
    </ClCompile>
    <ClCompile Include="Source\Slate\Windows\SDetailsWindow.cpp">
      <Filter>Source\Slate\Windows</Filter>
    </ClCompile>
    <ClCompile Include="Source\Slate\Windows\SSplitter.cpp">
      <Filter>Source\Slate\Windows</Filter>
    </ClCompile>
    <ClCompile Include="Source\Slate\Windows\SSplitterH.cpp">
      <Filter>Source\Slate\Windows</Filter>
    </ClCompile>
    <ClCompile Include="Source\Slate\Windows\SSplitterV.cpp">
      <Filter>Source\Slate\Windows</Filter>
    </ClCompile>
    <ClCompile Include="Source\Slate\Windows\SViewportWindow.cpp">
      <Filter>Source\Slate\Windows</Filter>
    </ClCompile>
    <ClCompile Include="Source\Slate\Windows\SWindow.cpp">
      <Filter>Source\Slate\Windows</Filter>
    </ClCompile>
    <ClCompile Include="Source\Slate\Windows\UIWindow.cpp">
      <Filter>Source\Slate\Windows</Filter>
    </ClCompile>
    <ClCompile Include="Source\Slate\Widgets\PropertyRenderer.cpp">
      <Filter>Source\Slate\Widgets</Filter>
    </ClCompile>
    <ClCompile Include="Source\Slate\Widgets\ConsoleWidget.cpp">
      <Filter>Source\Slate\Widgets</Filter>
    </ClCompile>
    <ClCompile Include="Source\Slate\Widgets\InputInformationWidget.cpp">
      <Filter>Source\Slate\Widgets</Filter>
    </ClCompile>
    <ClCompile Include="Source\Slate\Widgets\MainToolbarWidget.cpp">
      <Filter>Source\Slate\Widgets</Filter>
    </ClCompile>
    <ClCompile Include="Source\Slate\Widgets\SceneManagerWidget.cpp">
      <Filter>Source\Slate\Widgets</Filter>
    </ClCompile>
    <ClCompile Include="Source\Slate\Widgets\TargetActorTransformWidget.cpp">
      <Filter>Source\Slate\Widgets</Filter>
    </ClCompile>
    <ClCompile Include="Source\Slate\Widgets\Widget.cpp">
      <Filter>Source\Slate\Widgets</Filter>
    </ClCompile>
    <ClCompile Include="Source\Slate\Factory\UIWindowFactory.cpp">
      <Filter>Source\Slate\Factory</Filter>
    </ClCompile>
    <ClCompile Include="Source\Slate\ImGui\ImGuiHelper.cpp">
      <Filter>Source\Slate\ImGui</Filter>
    </ClCompile>
    <ClCompile Include="Source\Editor\FbxLoader.cpp">
      <Filter>Source\Editor</Filter>
    </ClCompile>
    <ClCompile Include="Source\Editor\PlatformProcess.cpp">
      <Filter>Source\Editor</Filter>
    </ClCompile>
    <ClCompile Include="Source\Editor\PlatformCrashHandler.cpp">
      <Filter>Source\Editor</Filter>
    </ClCompile>
    <ClCompile Include="Source\Editor\ObjManager.cpp">
      <Filter>Source\Editor</Filter>
    </ClCompile>
    <ClCompile Include="Source\Editor\SelectionManager.cpp">
      <Filter>Source\Editor</Filter>
    </ClCompile>
    <ClCompile Include="Source\Editor\Clipboard\ClipboardManager.cpp">
      <Filter>Source\Editor\Clipboard</Filter>
    </ClCompile>
    <ClCompile Include="Source\Editor\Gizmo\GizmoActor.cpp">
      <Filter>Source\Editor\Gizmo</Filter>
    </ClCompile>
    <ClCompile Include="Source\Editor\Gizmo\GizmoArrowComponent.cpp">
      <Filter>Source\Editor\Gizmo</Filter>
    </ClCompile>
    <ClCompile Include="Source\Editor\Gizmo\GizmoRotateComponent.cpp">
      <Filter>Source\Editor\Gizmo</Filter>
    </ClCompile>
    <ClCompile Include="Source\Editor\Gizmo\GizmoScaleComponent.cpp">
      <Filter>Source\Editor\Gizmo</Filter>
    </ClCompile>
    <ClCompile Include="Source\Editor\Grid\GridActor.cpp">
      <Filter>Source\Editor\Grid</Filter>
    </ClCompile>
    <ClCompile Include="ThirdParty\include\ImGui\imgui.cpp">
      <Filter>ThirdParty\include\ImGui</Filter>
    </ClCompile>
    <ClCompile Include="ThirdParty\include\ImGui\imgui_demo.cpp">
      <Filter>ThirdParty\include\ImGui</Filter>
    </ClCompile>
    <ClCompile Include="ThirdParty\include\ImGui\imgui_draw.cpp">
      <Filter>ThirdParty\include\ImGui</Filter>
    </ClCompile>
    <ClCompile Include="ThirdParty\include\ImGui\imgui_impl_dx11.cpp">
      <Filter>ThirdParty\include\ImGui</Filter>
    </ClCompile>
    <ClCompile Include="ThirdParty\include\ImGui\imgui_impl_win32.cpp">
      <Filter>ThirdParty\include\ImGui</Filter>
    </ClCompile>
    <ClCompile Include="ThirdParty\include\ImGui\imgui_tables.cpp">
      <Filter>ThirdParty\include\ImGui</Filter>
    </ClCompile>
    <ClCompile Include="ThirdParty\include\ImGui\imgui_widgets.cpp">
      <Filter>ThirdParty\include\ImGui</Filter>
    </ClCompile>
    <ClCompile Include="Generated\AActor.generated.cpp">
      <Filter>Generated</Filter>
    </ClCompile>
    <ClCompile Include="Generated\AAmbientLightActor.generated.cpp">
      <Filter>Generated</Filter>
    </ClCompile>
    <ClCompile Include="Generated\ACameraActor.generated.cpp">
      <Filter>Generated</Filter>
    </ClCompile>
    <ClCompile Include="Generated\ADecalActor.generated.cpp">
      <Filter>Generated</Filter>
    </ClCompile>
    <ClCompile Include="Generated\ADirectionalLightActor.generated.cpp">
      <Filter>Generated</Filter>
    </ClCompile>
    <ClCompile Include="Generated\AEmptyActor.generated.cpp">
      <Filter>Generated</Filter>
    </ClCompile>
    <ClCompile Include="Generated\AFakeSpotLightActor.generated.cpp">
      <Filter>Generated</Filter>
    </ClCompile>
    <ClCompile Include="Generated\AFireBallActor.generated.cpp">
      <Filter>Generated</Filter>
    </ClCompile>
    <ClCompile Include="Generated\AHeightFogActor.generated.cpp">
      <Filter>Generated</Filter>
    </ClCompile>
    <ClCompile Include="Generated\APlayerCameraManager.generated.cpp">
      <Filter>Generated</Filter>
    </ClCompile>
    <ClCompile Include="Generated\APointLightActor.generated.cpp">
      <Filter>Generated</Filter>
    </ClCompile>
    <ClCompile Include="Generated\ASpotLightActor.generated.cpp">
      <Filter>Generated</Filter>
    </ClCompile>
    <ClCompile Include="Generated\AStaticMeshActor.generated.cpp">
      <Filter>Generated</Filter>
    </ClCompile>
    <ClCompile Include="Generated\ASkeletalMeshActor.generated.cpp">
      <Filter>Generated</Filter>
    </ClCompile>
    <ClCompile Include="Generated\UActorComponent.generated.cpp">
      <Filter>Generated</Filter>
    </ClCompile>
    <ClCompile Include="Generated\UAmbientLightComponent.generated.cpp">
      <Filter>Generated</Filter>
    </ClCompile>
    <ClCompile Include="Generated\UAudioComponent.generated.cpp">
      <Filter>Generated</Filter>
    </ClCompile>
    <ClCompile Include="Generated\UBillboardComponent.generated.cpp">
      <Filter>Generated</Filter>
    </ClCompile>
    <ClCompile Include="Generated\UBoxComponent.generated.cpp">
      <Filter>Generated</Filter>
    </ClCompile>
    <ClCompile Include="Generated\UCameraComponent.generated.cpp">
      <Filter>Generated</Filter>
    </ClCompile>
    <ClCompile Include="Generated\UCapsuleComponent.generated.cpp">
      <Filter>Generated</Filter>
    </ClCompile>
    <ClCompile Include="Generated\UDecalComponent.generated.cpp">
      <Filter>Generated</Filter>
    </ClCompile>
    <ClCompile Include="Generated\UDirectionalLightComponent.generated.cpp">
      <Filter>Generated</Filter>
    </ClCompile>
    <ClCompile Include="Generated\UHeightFogComponent.generated.cpp">
      <Filter>Generated</Filter>
    </ClCompile>
    <ClCompile Include="Generated\ULightComponent.generated.cpp">
      <Filter>Generated</Filter>
    </ClCompile>
    <ClCompile Include="Generated\ULightComponentBase.generated.cpp">
      <Filter>Generated</Filter>
    </ClCompile>
    <ClCompile Include="Generated\ULocalLightComponent.generated.cpp">
      <Filter>Generated</Filter>
    </ClCompile>
    <ClCompile Include="Generated\ULuaScriptComponent.generated.cpp">
      <Filter>Generated</Filter>
    </ClCompile>
    <ClCompile Include="Generated\UPerspectiveDecalComponent.generated.cpp">
      <Filter>Generated</Filter>
    </ClCompile>
    <ClCompile Include="Generated\UPointLightComponent.generated.cpp">
      <Filter>Generated</Filter>
    </ClCompile>
    <ClCompile Include="Generated\UPrimitiveComponent.generated.cpp">
      <Filter>Generated</Filter>
    </ClCompile>
    <ClCompile Include="Generated\UProjectileMovementComponent.generated.cpp">
      <Filter>Generated</Filter>
    </ClCompile>
    <ClCompile Include="Generated\URotatingMovementComponent.generated.cpp">
      <Filter>Generated</Filter>
    </ClCompile>
    <ClCompile Include="Generated\USceneComponent.generated.cpp">
      <Filter>Generated</Filter>
    </ClCompile>
    <ClCompile Include="Generated\UShapeComponent.generated.cpp">
      <Filter>Generated</Filter>
    </ClCompile>
    <ClCompile Include="Generated\USphereComponent.generated.cpp">
      <Filter>Generated</Filter>
    </ClCompile>
    <ClCompile Include="Generated\USpotLightComponent.generated.cpp">
      <Filter>Generated</Filter>
    </ClCompile>
    <ClCompile Include="Generated\UStaticMeshComponent.generated.cpp">
      <Filter>Generated</Filter>
    </ClCompile>
    <ClCompile Include="Generated\USkinnedMeshComponent.generated.cpp">
      <Filter>Generated</Filter>
    </ClCompile>
    <ClCompile Include="Generated\USkeletalMeshComponent.generated.cpp">
      <Filter>Generated</Filter>
    </ClCompile>
    <ClCompile Include="Generated\UTextRenderComponent.generated.cpp">
      <Filter>Generated</Filter>
    </ClCompile>
    <ClCompile Include="Generated\UMeshComponent.generated.cpp">
      <Filter>Generated</Filter>
    </ClCompile>
    <ClCompile Include="Generated\UMovementComponent.generated.cpp">
      <Filter>Generated</Filter>
    </ClCompile>
    <ClCompile Include="Generated\AInfo.generated.cpp">
      <Filter>Generated</Filter>
    </ClCompile>
    <ClCompile Include="Generated\UAnimDataModel.generated.cpp">
      <Filter>Generated</Filter>
    </ClCompile>
    <ClCompile Include="Generated\UAnimationAsset.generated.cpp">
      <Filter>Generated</Filter>
    </ClCompile>
    <ClCompile Include="Generated\UAnimSequence.generated.cpp">
      <Filter>Generated</Filter>
    </ClCompile>
    <ClCompile Include="Generated\UAnimSequenceBase.generated.cpp">
      <Filter>Generated</Filter>
    </ClCompile>
    <ClCompile Include="Generated\UAnimInstance.generated.cpp">
      <Filter>Generated</Filter>
    </ClCompile>
    <ClCompile Include="Generated\UAnimSingleNodeInstance.generated.cpp">
      <Filter>Generated</Filter>
    </ClCompile>
    <ClCompile Include="Generated\UAnimStateMachineInstance.generated.cpp">
      <Filter>Generated</Filter>
    </ClCompile>
    <ClCompile Include="Generated\AController.generated.cpp">
      <Filter>Generated</Filter>
    </ClCompile>
    <ClCompile Include="Generated\APlayerController.generated.cpp">
      <Filter>Generated</Filter>
    </ClCompile>
    <ClCompile Include="Generated\UInputComponent.generated.cpp">
      <Filter>Generated</Filter>
    </ClCompile>
    <ClCompile Include="Generated\APawn.generated.cpp">
      <Filter>Generated</Filter>
    </ClCompile>
    <ClCompile Include="Generated\UCharacterMovementComponent.generated.cpp">
      <Filter>Generated</Filter>
    </ClCompile>
    <ClCompile Include="Generated\ACharacter.generated.cpp">
      <Filter>Generated</Filter>
    </ClCompile>
    <ClCompile Include="Generated\USpringArmComponent.generated.cpp">
      <Filter>Generated</Filter>
    </ClCompile>
    <ClCompile Include="Generated\AGameModeBase.generated.cpp">
      <Filter>Generated</Filter>
    </ClCompile>
    <ClCompile Include="Generated\AGameStateBase.generated.cpp">
      <Filter>Generated</Filter>
    </ClCompile>
    <ClCompile Include="Generated\UAnimBlendSpaceInstance.generated.cpp">
      <Filter>Generated</Filter>
    </ClCompile>
    <ClCompile Include="Generated\ADancingCharacter.generated.cpp">
      <Filter>Generated</Filter>
    </ClCompile>
    <ClCompile Include="Source\Runtime\Engine\Scripting\LuaMapProxy.cpp" />
    <ClCompile Include="Source\Runtime\Engine\Scripting\LuaStructProxy.cpp" />
    <ClCompile Include="Source\Runtime\Engine\Scripting\LuaArrayProxy.cpp" />
    <ClCompile Include="Generated\UPropertyTestComponent.generated.cpp">
      <Filter>Generated</Filter>
    </ClCompile>
    <ClCompile Include="Generated\EnumRegistry.generated.cpp">
      <Filter>Generated</Filter>
    </ClCompile>
    <ClCompile Include="Generated\FTestStruct.generated.cpp">
      <Filter>Generated</Filter>
    </ClCompile>
  </ItemGroup>
  <ItemGroup>
    <ClInclude Include="Generated\USkinnedMeshComponent.generated.h">
      <Filter>Generated</Filter>
    </ClInclude>
    <ClInclude Include="Generated\USkeletalMeshComponent.generated.h">
      <Filter>Generated</Filter>
    </ClInclude>
    <ClInclude Include="pch.h" />
    <ClInclude Include="Source\Runtime\Engine\Animation\AnimBlendMath.h">
      <Filter>Source\Runtime\Engine\Animation</Filter>
    </ClInclude>
    <ClInclude Include="Source\Runtime\Engine\Animation\AnimBlendSpace2D.h">
      <Filter>Source\Runtime\Engine\Animation</Filter>
    </ClInclude>
    <ClInclude Include="Source\Runtime\Engine\Animation\AnimBlendSpaceInstance.h">
      <Filter>Source\Runtime\Engine\Animation</Filter>
    </ClInclude>
    <ClInclude Include="Source\Runtime\Engine\Animation\AnimStateMachineInstance.h">
      <Filter>Source\Runtime\Engine\Animation</Filter>
    </ClInclude>
    <ClInclude Include="Source\Runtime\Engine\Animation\AnimationAsset.h">
      <Filter>Source\Runtime\Engine\Animation</Filter>
    </ClInclude>
    <ClInclude Include="Source\Runtime\Engine\Animation\AnimDataModel.h">
      <Filter>Source\Runtime\Engine\Animation</Filter>
    </ClInclude>
    <ClInclude Include="Source\Runtime\Engine\Animation\AnimSequence.h">
      <Filter>Source\Runtime\Engine\Animation</Filter>
    </ClInclude>
    <ClInclude Include="Source\Runtime\Engine\Animation\AnimSequenceBase.h">
      <Filter>Source\Runtime\Engine\Animation</Filter>
    </ClInclude>
    <ClInclude Include="Source\Runtime\Engine\Animation\AnimStateMachine.h">
      <Filter>Source\Runtime\Engine\Animation</Filter>
    </ClInclude>
    <ClInclude Include="Source\Runtime\Engine\Animation\AnimSequencePlayer.h">
      <Filter>Source\Runtime\Engine\Animation</Filter>
    </ClInclude>
    <ClInclude Include="Source\Runtime\Engine\Animation\AnimTypes.h">
      <Filter>Source\Runtime\Engine\Animation</Filter>
    </ClInclude>
    <ClInclude Include="Source\Runtime\Engine\Animation\AnimationRuntime.h">
      <Filter>Source\Runtime\Engine\Animation</Filter>
    </ClInclude>
    <ClInclude Include="Source\Runtime\Engine\Animation\AnimInstance.h">
      <Filter>Source\Runtime\Engine\Animation</Filter>
    </ClInclude>
    <ClInclude Include="Source\Runtime\Engine\Animation\AnimNodeBase.h">
      <Filter>Source\Runtime\Engine\Animation</Filter>
    </ClInclude>
    <ClInclude Include="Source\Runtime\Engine\Animation\AnimSingleNodeInstance.h">
      <Filter>Source\Runtime\Engine\Animation</Filter>
    </ClInclude>
    <ClInclude Include="Source\Runtime\Engine\Components\CharacterMovementComponent.h">
      <Filter>Source\Runtime\Engine\Components</Filter>
    </ClInclude>
    <ClInclude Include="Source\Runtime\Engine\Components\InputComponent.h">
      <Filter>Source\Runtime\Engine\Components</Filter>
    </ClInclude>
    <ClInclude Include="Source\Runtime\Engine\Components\SpringArmComponent.h">
      <Filter>Source\Runtime\Engine\Components</Filter>
    </ClInclude>
    <ClInclude Include="Source\Runtime\Engine\Components\AudioComponent.h">
      <Filter>Source\Runtime\Engine\Components</Filter>
    </ClInclude>
    <ClInclude Include="Source\Runtime\Engine\Components\CapsuleComponent.h">
      <Filter>Source\Runtime\Engine\Components</Filter>
    </ClInclude>
    <ClInclude Include="Source\Runtime\Engine\Components\LuaScriptComponent.h">
      <Filter>Source\Runtime\Engine\Components</Filter>
    </ClInclude>
    <ClInclude Include="Source\Runtime\Engine\Components\MovementComponent.h">
      <Filter>Source\Runtime\Engine\Components</Filter>
    </ClInclude>
    <ClInclude Include="Source\Runtime\Engine\Components\ProjectileMovementComponent.h">
      <Filter>Source\Runtime\Engine\Components</Filter>
    </ClInclude>
    <ClInclude Include="Source\Runtime\Engine\Components\RotatingMovementComponent.h">
      <Filter>Source\Runtime\Engine\Components</Filter>
    </ClInclude>
    <ClInclude Include="Source\Runtime\Engine\Components\BoxComponent.h">
      <Filter>Source\Runtime\Engine\Components</Filter>
    </ClInclude>
    <ClInclude Include="Source\Runtime\Engine\Components\BoneAnchorComponent.h">
      <Filter>Source\Runtime\Engine\Components</Filter>
    </ClInclude>
    <ClInclude Include="Source\Runtime\Engine\Components\ShapeComponent.h">
      <Filter>Source\Runtime\Engine\Components</Filter>
    </ClInclude>
    <ClInclude Include="Source\Runtime\Engine\Components\SkeletalMeshComponent.h">
      <Filter>Source\Runtime\Engine\Components</Filter>
    </ClInclude>
    <ClInclude Include="Source\Runtime\Engine\Components\SkinnedMeshComponent.h">
      <Filter>Source\Runtime\Engine\Components</Filter>
    </ClInclude>
    <ClInclude Include="Source\Runtime\Engine\Components\SphereComponent.h">
      <Filter>Source\Runtime\Engine\Components</Filter>
    </ClInclude>
    <ClInclude Include="Source\Runtime\Engine\Components\AmbientLightComponent.h">
      <Filter>Source\Runtime\Engine\Components</Filter>
    </ClInclude>
    <ClInclude Include="Source\Runtime\Engine\Components\DirectionalLightComponent.h">
      <Filter>Source\Runtime\Engine\Components</Filter>
    </ClInclude>
    <ClInclude Include="Source\Runtime\Engine\Components\LightComponent.h">
      <Filter>Source\Runtime\Engine\Components</Filter>
    </ClInclude>
    <ClInclude Include="Source\Runtime\Engine\Components\LightComponentBase.h">
      <Filter>Source\Runtime\Engine\Components</Filter>
    </ClInclude>
    <ClInclude Include="Source\Runtime\Engine\Components\LocalLightComponent.h">
      <Filter>Source\Runtime\Engine\Components</Filter>
    </ClInclude>
    <ClInclude Include="Source\Runtime\Engine\Components\PointLightComponent.h">
      <Filter>Source\Runtime\Engine\Components</Filter>
    </ClInclude>
    <ClInclude Include="Source\Runtime\Engine\Components\SpotLightComponent.h">
      <Filter>Source\Runtime\Engine\Components</Filter>
    </ClInclude>
    <ClInclude Include="Source\Runtime\Engine\Components\BillboardComponent.h">
      <Filter>Source\Runtime\Engine\Components</Filter>
    </ClInclude>
    <ClInclude Include="Source\Runtime\Engine\Components\CameraComponent.h">
      <Filter>Source\Runtime\Engine\Components</Filter>
    </ClInclude>
    <ClInclude Include="Source\Runtime\Engine\Components\DecalComponent.h">
      <Filter>Source\Runtime\Engine\Components</Filter>
    </ClInclude>
    <ClInclude Include="Source\Runtime\Engine\Components\HeightFogComponent.h">
      <Filter>Source\Runtime\Engine\Components</Filter>
    </ClInclude>
    <ClInclude Include="Source\Runtime\Engine\Components\LineComponent.h">
      <Filter>Source\Runtime\Engine\Components</Filter>
    </ClInclude>
    <ClInclude Include="Source\Runtime\Engine\Components\MeshComponent.h">
      <Filter>Source\Runtime\Engine\Components</Filter>
    </ClInclude>
    <ClInclude Include="Source\Runtime\Engine\Components\PerspectiveDecalComponent.h">
      <Filter>Source\Runtime\Engine\Components</Filter>
    </ClInclude>
    <ClInclude Include="Source\Runtime\Engine\Components\PrimitiveComponent.h">
      <Filter>Source\Runtime\Engine\Components</Filter>
    </ClInclude>
    <ClInclude Include="Source\Runtime\Engine\Components\SceneComponent.h">
      <Filter>Source\Runtime\Engine\Components</Filter>
    </ClInclude>
    <ClInclude Include="Source\Runtime\Engine\Components\StaticMeshComponent.h">
      <Filter>Source\Runtime\Engine\Components</Filter>
    </ClInclude>
    <ClInclude Include="Source\Runtime\Engine\Components\TextRenderComponent.h">
      <Filter>Source\Runtime\Engine\Components</Filter>
    </ClInclude>
    <ClInclude Include="Source\Runtime\Engine\GameFramework\Character.h">
      <Filter>Source\Runtime\Engine\GameFramework</Filter>
    </ClInclude>
    <ClInclude Include="Source\Runtime\Engine\GameFramework\Controller.h">
      <Filter>Source\Runtime\Engine\GameFramework</Filter>
    </ClInclude>
    <ClInclude Include="Source\Runtime\Engine\GameFramework\GameModeBase.h">
      <Filter>Source\Runtime\Engine\GameFramework</Filter>
    </ClInclude>
    <ClInclude Include="Source\Runtime\Engine\GameFramework\GameStateBase.h">
      <Filter>Source\Runtime\Engine\GameFramework</Filter>
    </ClInclude>
    <ClInclude Include="Source\Runtime\Engine\GameFramework\Pawn.h">
      <Filter>Source\Runtime\Engine\GameFramework</Filter>
    </ClInclude>
    <ClInclude Include="Source\Runtime\Engine\GameFramework\PlayerController.h">
      <Filter>Source\Runtime\Engine\GameFramework</Filter>
    </ClInclude>
    <ClInclude Include="Source\Runtime\Engine\GameFramework\AmbientLightActor.h">
      <Filter>Source\Runtime\Engine\GameFramework</Filter>
    </ClInclude>
    <ClInclude Include="Source\Runtime\Engine\GameFramework\DancingCharacter.h">
      <Filter>Source\Runtime\Engine\GameFramework</Filter>
    </ClInclude>
    <ClInclude Include="Source\Runtime\Engine\GameFramework\FAudioDevice.h">
      <Filter>Source\Runtime\Engine\GameFramework</Filter>
    </ClInclude>
    <ClInclude Include="Source\Runtime\Engine\GameFramework\GameEngine.h">
      <Filter>Source\Runtime\Engine\GameFramework</Filter>
    </ClInclude>
    <ClInclude Include="Source\Runtime\Engine\GameFramework\PlayerCameraManager.h">
      <Filter>Source\Runtime\Engine\GameFramework</Filter>
    </ClInclude>
    <ClInclude Include="Source\Runtime\Engine\GameFramework\DirectionalLightActor.h">
      <Filter>Source\Runtime\Engine\GameFramework</Filter>
    </ClInclude>
    <ClInclude Include="Source\Runtime\Engine\GameFramework\EmptyActor.h">
      <Filter>Source\Runtime\Engine\GameFramework</Filter>
    </ClInclude>
    <ClInclude Include="Source\Runtime\Engine\GameFramework\HeightFogActor.h">
      <Filter>Source\Runtime\Engine\GameFramework</Filter>
    </ClInclude>
    <ClInclude Include="Source\Runtime\Engine\GameFramework\Info.h">
      <Filter>Source\Runtime\Engine\GameFramework</Filter>
    </ClInclude>
    <ClInclude Include="Source\Runtime\Engine\GameFramework\PointLightActor.h">
      <Filter>Source\Runtime\Engine\GameFramework</Filter>
    </ClInclude>
    <ClInclude Include="Source\Runtime\Engine\GameFramework\SkeletalMeshActor.h">
      <Filter>Source\Runtime\Engine\GameFramework</Filter>
    </ClInclude>
    <ClInclude Include="Source\Runtime\Engine\GameFramework\SpotLightActor.h">
      <Filter>Source\Runtime\Engine\GameFramework</Filter>
    </ClInclude>
    <ClInclude Include="Source\Runtime\Engine\GameFramework\CameraActor.h">
      <Filter>Source\Runtime\Engine\GameFramework</Filter>
    </ClInclude>
    <ClInclude Include="Source\Runtime\Engine\GameFramework\DecalActor.h">
      <Filter>Source\Runtime\Engine\GameFramework</Filter>
    </ClInclude>
    <ClInclude Include="Source\Runtime\Engine\GameFramework\EditorEngine.h">
      <Filter>Source\Runtime\Engine\GameFramework</Filter>
    </ClInclude>
    <ClInclude Include="Source\Runtime\Engine\GameFramework\FakeSpotLightActor.h">
      <Filter>Source\Runtime\Engine\GameFramework</Filter>
    </ClInclude>
    <ClInclude Include="Source\Runtime\Engine\GameFramework\Level.h">
      <Filter>Source\Runtime\Engine\GameFramework</Filter>
    </ClInclude>
    <ClInclude Include="Source\Runtime\Engine\GameFramework\StaticMeshActor.h">
      <Filter>Source\Runtime\Engine\GameFramework</Filter>
    </ClInclude>
    <ClInclude Include="Source\Runtime\Engine\GameFramework\World.h">
      <Filter>Source\Runtime\Engine\GameFramework</Filter>
    </ClInclude>
    <ClInclude Include="Source\Runtime\Engine\GameFramework\Camera\CamMod_LetterBox.h">
      <Filter>Source\Runtime\Engine\GameFramework\Camera</Filter>
    </ClInclude>
    <ClInclude Include="Source\Runtime\Engine\GameFramework\Camera\CamMod_Vignette.h">
      <Filter>Source\Runtime\Engine\GameFramework\Camera</Filter>
    </ClInclude>
    <ClInclude Include="Source\Runtime\Engine\GameFramework\Camera\CameraModifierBase.h">
      <Filter>Source\Runtime\Engine\GameFramework\Camera</Filter>
    </ClInclude>
    <ClInclude Include="Source\Runtime\Engine\GameFramework\Camera\CamMod_Fade.h">
      <Filter>Source\Runtime\Engine\GameFramework\Camera</Filter>
    </ClInclude>
    <ClInclude Include="Source\Runtime\Engine\GameFramework\Camera\CamMod_Shake.h">
      <Filter>Source\Runtime\Engine\GameFramework\Camera</Filter>
    </ClInclude>
    <ClInclude Include="Source\Runtime\Engine\Viewer\BlendSpaceEditorBootstrap.h">
      <Filter>Source\Runtime\Engine\Viewer</Filter>
    </ClInclude>
    <ClInclude Include="Source\Runtime\Engine\Viewer\AnimationViewerBootstrap.h">
      <Filter>Source\Runtime\Engine\Viewer</Filter>
    </ClInclude>
    <ClInclude Include="Source\Runtime\Engine\Viewer\EditorAssetPreviewContext.h">
      <Filter>Source\Runtime\Engine\Viewer</Filter>
    </ClInclude>
    <ClInclude Include="Source\Runtime\Engine\Viewer\SkeletalViewerBootstrap.h">
      <Filter>Source\Runtime\Engine\Viewer</Filter>
    </ClInclude>
    <ClInclude Include="Source\Runtime\Engine\Viewer\ViewerState.h">
      <Filter>Source\Runtime\Engine\Viewer</Filter>
    </ClInclude>
    <ClInclude Include="Source\Runtime\Engine\Scripting\GameObject.h">
      <Filter>Source\Runtime\Engine\Scripting</Filter>
    </ClInclude>
    <ClInclude Include="Source\Runtime\Engine\Scripting\LuaBindHelpers.h">
      <Filter>Source\Runtime\Engine\Scripting</Filter>
    </ClInclude>
    <ClInclude Include="Source\Runtime\Engine\Scripting\LuaBindingRegistry.h">
      <Filter>Source\Runtime\Engine\Scripting</Filter>
    </ClInclude>
    <ClInclude Include="Source\Runtime\Engine\Scripting\LuaComponentProxy.h">
      <Filter>Source\Runtime\Engine\Scripting</Filter>
    </ClInclude>
    <ClInclude Include="Source\Runtime\Engine\Scripting\LuaCoroutineScheduler.h">
      <Filter>Source\Runtime\Engine\Scripting</Filter>
    </ClInclude>
    <ClInclude Include="Source\Runtime\Engine\Scripting\LuaManager.h">
      <Filter>Source\Runtime\Engine\Scripting</Filter>
    </ClInclude>
    <ClInclude Include="Source\Runtime\Engine\Audio\Sound.h">
      <Filter>Source\Runtime\Engine\Audio</Filter>
    </ClInclude>
    <ClInclude Include="Source\Runtime\Engine\Collision\AABB.h">
      <Filter>Source\Runtime\Engine\Collision</Filter>
    </ClInclude>
    <ClInclude Include="Source\Runtime\Engine\Collision\BoundingSphere.h">
      <Filter>Source\Runtime\Engine\Collision</Filter>
    </ClInclude>
    <ClInclude Include="Source\Runtime\Engine\Collision\Collision.h">
      <Filter>Source\Runtime\Engine\Collision</Filter>
    </ClInclude>
    <ClInclude Include="Source\Runtime\Engine\Collision\Frustum.h">
      <Filter>Source\Runtime\Engine\Collision</Filter>
    </ClInclude>
    <ClInclude Include="Source\Runtime\Engine\Collision\OBB.h">
      <Filter>Source\Runtime\Engine\Collision</Filter>
    </ClInclude>
    <ClInclude Include="Source\Runtime\Engine\Collision\Picking.h">
      <Filter>Source\Runtime\Engine\Collision</Filter>
    </ClInclude>
    <ClInclude Include="Source\Runtime\Engine\Spatial\BVHierarchy.h">
      <Filter>Source\Runtime\Engine\Spatial</Filter>
    </ClInclude>
    <ClInclude Include="Source\Runtime\Engine\Spatial\MeshBVH.h">
      <Filter>Source\Runtime\Engine\Spatial</Filter>
    </ClInclude>
    <ClInclude Include="Source\Runtime\Engine\Spatial\Occlusion.h">
      <Filter>Source\Runtime\Engine\Spatial</Filter>
    </ClInclude>
    <ClInclude Include="Source\Runtime\Engine\Spatial\Octree.h">
      <Filter>Source\Runtime\Engine\Spatial</Filter>
    </ClInclude>
    <ClInclude Include="Source\Runtime\Engine\Spatial\WorldPartitionManager.h">
      <Filter>Source\Runtime\Engine\Spatial</Filter>
    </ClInclude>
    <ClInclude Include="Source\Runtime\Renderer\BlendSpaceEditorViewportClient.h">
      <Filter>Source\Runtime\Renderer</Filter>
    </ClInclude>
    <ClInclude Include="Source\Runtime\Renderer\AnimationViewerViewportClient.h">
      <Filter>Source\Runtime\Renderer</Filter>
    </ClInclude>
    <ClInclude Include="Source\Runtime\Renderer\SkeletalViewerViewportClient.h">
      <Filter>Source\Runtime\Renderer</Filter>
    </ClInclude>
    <ClInclude Include="Source\Runtime\Renderer\LightManager.h">
      <Filter>Source\Runtime\Renderer</Filter>
    </ClInclude>
    <ClInclude Include="Source\Runtime\Renderer\MeshBatchElement.h">
      <Filter>Source\Runtime\Renderer</Filter>
    </ClInclude>
    <ClInclude Include="Source\Runtime\Renderer\SceneView.h">
      <Filter>Source\Runtime\Renderer</Filter>
    </ClInclude>
    <ClInclude Include="Source\Runtime\Renderer\TileCullingStats.h">
      <Filter>Source\Runtime\Renderer</Filter>
    </ClInclude>
    <ClInclude Include="Source\Runtime\Renderer\TileLightCuller.h">
      <Filter>Source\Runtime\Renderer</Filter>
    </ClInclude>
    <ClInclude Include="Source\Runtime\Renderer\DecalStatManager.h">
      <Filter>Source\Runtime\Renderer</Filter>
    </ClInclude>
    <ClInclude Include="Source\Runtime\Renderer\SkinningStats.h">
      <Filter>Source\Runtime\Renderer</Filter>
    </ClInclude>
    <ClInclude Include="Source\Runtime\Renderer\SceneRenderer.h">
      <Filter>Source\Runtime\Renderer</Filter>
    </ClInclude>
    <ClInclude Include="Source\Runtime\Renderer\FViewport.h">
      <Filter>Source\Runtime\Renderer</Filter>
    </ClInclude>
    <ClInclude Include="Source\Runtime\Renderer\FViewportClient.h">
      <Filter>Source\Runtime\Renderer</Filter>
    </ClInclude>
    <ClInclude Include="Source\Runtime\Renderer\Material.h">
      <Filter>Source\Runtime\Renderer</Filter>
    </ClInclude>
    <ClInclude Include="Source\Runtime\Renderer\QuadManager.h">
      <Filter>Source\Runtime\Renderer</Filter>
    </ClInclude>
    <ClInclude Include="Source\Runtime\Renderer\Renderer.h">
      <Filter>Source\Runtime\Renderer</Filter>
    </ClInclude>
    <ClInclude Include="Source\Runtime\Renderer\RenderManager.h">
      <Filter>Source\Runtime\Renderer</Filter>
    </ClInclude>
    <ClInclude Include="Source\Runtime\Renderer\RenderSettings.h">
      <Filter>Source\Runtime\Renderer</Filter>
    </ClInclude>
    <ClInclude Include="Source\Runtime\Renderer\Shader.h">
      <Filter>Source\Runtime\Renderer</Filter>
    </ClInclude>
    <ClInclude Include="Source\Runtime\Renderer\PostProcessing\GammaPass.h">
      <Filter>Source\Runtime\Renderer\PostProcessing</Filter>
    </ClInclude>
    <ClInclude Include="Source\Runtime\Renderer\PostProcessing\HeightFogPass.h">
      <Filter>Source\Runtime\Renderer\PostProcessing</Filter>
    </ClInclude>
    <ClInclude Include="Source\Runtime\Renderer\PostProcessing\FadeInOutPass.h">
      <Filter>Source\Runtime\Renderer\PostProcessing</Filter>
    </ClInclude>
    <ClInclude Include="Source\Runtime\Renderer\PostProcessing\PostProcessing.h">
      <Filter>Source\Runtime\Renderer\PostProcessing</Filter>
    </ClInclude>
    <ClInclude Include="Source\Runtime\Renderer\PostProcessing\VignettePass.h">
      <Filter>Source\Runtime\Renderer\PostProcessing</Filter>
    </ClInclude>
    <ClInclude Include="Source\Runtime\AssetManagement\SkeletalMesh.h">
      <Filter>Source\Runtime\AssetManagement</Filter>
    </ClInclude>
    <ClInclude Include="Source\Runtime\AssetManagement\Cube.h">
      <Filter>Source\Runtime\AssetManagement</Filter>
    </ClInclude>
    <ClInclude Include="Source\Runtime\AssetManagement\DynamicMesh.h">
      <Filter>Source\Runtime\AssetManagement</Filter>
    </ClInclude>
    <ClInclude Include="Source\Runtime\AssetManagement\Line.h">
      <Filter>Source\Runtime\AssetManagement</Filter>
    </ClInclude>
    <ClInclude Include="Source\Runtime\AssetManagement\LineDynamicMesh.h">
      <Filter>Source\Runtime\AssetManagement</Filter>
    </ClInclude>
    <ClInclude Include="Source\Runtime\AssetManagement\MeshLoader.h">
      <Filter>Source\Runtime\AssetManagement</Filter>
    </ClInclude>
    <ClInclude Include="Source\Runtime\AssetManagement\Quad.h">
      <Filter>Source\Runtime\AssetManagement</Filter>
    </ClInclude>
    <ClInclude Include="Source\Runtime\AssetManagement\ResourceBase.h">
      <Filter>Source\Runtime\AssetManagement</Filter>
    </ClInclude>
    <ClInclude Include="Source\Runtime\AssetManagement\ResourceManager.h">
      <Filter>Source\Runtime\AssetManagement</Filter>
    </ClInclude>
    <ClInclude Include="Source\Runtime\AssetManagement\StaticMesh.h">
      <Filter>Source\Runtime\AssetManagement</Filter>
    </ClInclude>
    <ClInclude Include="Source\Runtime\AssetManagement\Texture.h">
      <Filter>Source\Runtime\AssetManagement</Filter>
    </ClInclude>
    <ClInclude Include="Source\Runtime\AssetManagement\TextureConverter.h">
      <Filter>Source\Runtime\AssetManagement</Filter>
    </ClInclude>
    <ClInclude Include="Source\Runtime\AssetManagement\Triangle.h">
      <Filter>Source\Runtime\AssetManagement</Filter>
    </ClInclude>
    <ClInclude Include="Source\Runtime\Core\Misc\Delegates.h">
      <Filter>Source\Runtime\Core\Misc</Filter>
    </ClInclude>
    <ClInclude Include="Source\Runtime\Core\Misc\Hash.h">
      <Filter>Source\Runtime\Core\Misc</Filter>
    </ClInclude>
    <ClInclude Include="Source\Runtime\Core\Misc\PathUtils.h">
      <Filter>Source\Runtime\Core\Misc</Filter>
    </ClInclude>
    <ClInclude Include="Source\Runtime\Core\Misc\Archive.h">
      <Filter>Source\Runtime\Core\Misc</Filter>
    </ClInclude>
    <ClInclude Include="Source\Runtime\Core\Misc\Color.h">
      <Filter>Source\Runtime\Core\Misc</Filter>
    </ClInclude>
    <ClInclude Include="Source\Runtime\Core\Misc\Enums.h">
      <Filter>Source\Runtime\Core\Misc</Filter>
    </ClInclude>
    <ClInclude Include="Source\Runtime\Core\Misc\ResourceData.h">
      <Filter>Source\Runtime\Core\Misc</Filter>
    </ClInclude>
    <ClInclude Include="Source\Runtime\Core\Misc\JsonSerializer.h">
      <Filter>Source\Runtime\Core\Misc</Filter>
    </ClInclude>
    <ClInclude Include="Source\Runtime\Core\Misc\Name.h">
      <Filter>Source\Runtime\Core\Misc</Filter>
    </ClInclude>
    <ClInclude Include="Source\Runtime\Core\Misc\ObjectIterator.h">
      <Filter>Source\Runtime\Core\Misc</Filter>
    </ClInclude>
    <ClInclude Include="Source\Runtime\Core\Misc\VertexData.h">
      <Filter>Source\Runtime\Core\Misc</Filter>
    </ClInclude>
    <ClInclude Include="Source\Runtime\Core\Misc\WindowsBinReader.h">
      <Filter>Source\Runtime\Core\Misc</Filter>
    </ClInclude>
    <ClInclude Include="Source\Runtime\Core\Misc\WindowsBinWriter.h">
      <Filter>Source\Runtime\Core\Misc</Filter>
    </ClInclude>
    <ClInclude Include="Source\Runtime\Core\Math\Vector.h">
      <Filter>Source\Runtime\Core\Math</Filter>
    </ClInclude>
    <ClInclude Include="Source\Runtime\Core\Object\FireballActor.h">
      <Filter>Source\Runtime\Core\Object</Filter>
    </ClInclude>
    <ClInclude Include="Source\Runtime\Core\Object\Property.h">
      <Filter>Source\Runtime\Core\Object</Filter>
    </ClInclude>
    <ClInclude Include="Source\Runtime\Core\Object\Actor.h">
      <Filter>Source\Runtime\Core\Object</Filter>
    </ClInclude>
    <ClInclude Include="Source\Runtime\Core\Object\ActorComponent.h">
      <Filter>Source\Runtime\Core\Object</Filter>
    </ClInclude>
    <ClInclude Include="Source\Runtime\Core\Object\Object.h">
      <Filter>Source\Runtime\Core\Object</Filter>
    </ClInclude>
    <ClInclude Include="Source\Runtime\Core\Object\ObjectFactory.h">
      <Filter>Source\Runtime\Core\Object</Filter>
    </ClInclude>
    <ClInclude Include="Source\Runtime\Core\Containers\UEContainer.h">
      <Filter>Source\Runtime\Core\Containers</Filter>
    </ClInclude>
    <ClInclude Include="Source\Runtime\Core\Memory\MemoryManager.h">
      <Filter>Source\Runtime\Core\Memory</Filter>
    </ClInclude>
    <ClInclude Include="Source\Runtime\Core\Memory\PlatformTime.h">
      <Filter>Source\Runtime\Core\Memory</Filter>
    </ClInclude>
    <ClInclude Include="Source\Runtime\InputCore\InputManager.h">
      <Filter>Source\Runtime\InputCore</Filter>
    </ClInclude>
    <ClInclude Include="Source\Runtime\RHI\SwapGuard.h">
      <Filter>Source\Runtime\RHI</Filter>
    </ClInclude>
    <ClInclude Include="Source\Runtime\RHI\ConstantBufferType.h">
      <Filter>Source\Runtime\RHI</Filter>
    </ClInclude>
    <ClInclude Include="Source\Runtime\RHI\D3D11RHI.h">
      <Filter>Source\Runtime\RHI</Filter>
    </ClInclude>
    <ClInclude Include="Source\Runtime\RHI\GPUTimer.h">
      <Filter>Source\Runtime\RHI</Filter>
    </ClInclude>
    <ClInclude Include="Source\Runtime\RHI\PipelineStateManager.h">
      <Filter>Source\Runtime\RHI</Filter>
    </ClInclude>
    <ClInclude Include="Source\Runtime\RHI\PipelineStateObject.h">
      <Filter>Source\Runtime\RHI</Filter>
    </ClInclude>
    <ClInclude Include="Source\Runtime\RHI\RHIDevice.h">
      <Filter>Source\Runtime\RHI</Filter>
    </ClInclude>
    <ClInclude Include="Source\Slate\ThumbnailManager.h">
      <Filter>Source\Slate</Filter>
    </ClInclude>
    <ClInclude Include="Source\Slate\GlobalConsole.h">
      <Filter>Source\Slate</Filter>
    </ClInclude>
    <ClInclude Include="Source\Slate\StatsOverlayD2D.h">
      <Filter>Source\Slate</Filter>
    </ClInclude>
    <ClInclude Include="Source\Slate\UIManager.h">
      <Filter>Source\Slate</Filter>
    </ClInclude>
    <ClInclude Include="Source\Slate\SlateManager.h">
      <Filter>Source\Slate</Filter>
    </ClInclude>
    <ClInclude Include="Source\Slate\Windows\SBlendSpaceEditorWindow.h">
      <Filter>Source\Slate\Windows</Filter>
    </ClInclude>
    <ClInclude Include="Source\Slate\Windows\ContentBrowserWindow.h">
      <Filter>Source\Slate\Windows</Filter>
    </ClInclude>
    <ClInclude Include="Source\Slate\Windows\SAnimationViewerWindow.h">
      <Filter>Source\Slate\Windows</Filter>
    </ClInclude>
    <ClInclude Include="Source\Slate\Windows\SSkeletalMeshViewerWindow.h">
      <Filter>Source\Slate\Windows</Filter>
    </ClInclude>
    <ClInclude Include="Source\Slate\Windows\SViewerWindow.h">
      <Filter>Source\Slate\Windows</Filter>
    </ClInclude>
    <ClInclude Include="Source\Slate\Windows\ConsoleWindow.h">
      <Filter>Source\Slate\Windows</Filter>
    </ClInclude>
    <ClInclude Include="Source\Slate\Windows\ControlPanelWindow.h">
      <Filter>Source\Slate\Windows</Filter>
    </ClInclude>
    <ClInclude Include="Source\Slate\Windows\ExperimentalFeatureWindow.h">
      <Filter>Source\Slate\Windows</Filter>
    </ClInclude>
    <ClInclude Include="Source\Slate\Windows\PropertyWindow.h">
      <Filter>Source\Slate\Windows</Filter>
    </ClInclude>
    <ClInclude Include="Source\Slate\Windows\SceneWindow.h">
      <Filter>Source\Slate\Windows</Filter>
    </ClInclude>
    <ClInclude Include="Source\Slate\Windows\SControlPanel.h">
      <Filter>Source\Slate\Windows</Filter>
    </ClInclude>
    <ClInclude Include="Source\Slate\Windows\SDetailsWindow.h">
      <Filter>Source\Slate\Windows</Filter>
    </ClInclude>
    <ClInclude Include="Source\Slate\Windows\SSplitter.h">
      <Filter>Source\Slate\Windows</Filter>
    </ClInclude>
    <ClInclude Include="Source\Slate\Windows\SSplitterH.h">
      <Filter>Source\Slate\Windows</Filter>
    </ClInclude>
    <ClInclude Include="Source\Slate\Windows\SSplitterV.h">
      <Filter>Source\Slate\Windows</Filter>
    </ClInclude>
    <ClInclude Include="Source\Slate\Windows\SViewportWindow.h">
      <Filter>Source\Slate\Windows</Filter>
    </ClInclude>
    <ClInclude Include="Source\Slate\Windows\SWindow.h">
      <Filter>Source\Slate\Windows</Filter>
    </ClInclude>
    <ClInclude Include="Source\Slate\Windows\UIWindow.h">
      <Filter>Source\Slate\Windows</Filter>
    </ClInclude>
    <ClInclude Include="Source\Slate\Widgets\PropertyRenderer.h">
      <Filter>Source\Slate\Widgets</Filter>
    </ClInclude>
    <ClInclude Include="Source\Slate\Widgets\ConsoleWidget.h">
      <Filter>Source\Slate\Widgets</Filter>
    </ClInclude>
    <ClInclude Include="Source\Slate\Widgets\InputInformationWidget.h">
      <Filter>Source\Slate\Widgets</Filter>
    </ClInclude>
    <ClInclude Include="Source\Slate\Widgets\MainToolbarWidget.h">
      <Filter>Source\Slate\Widgets</Filter>
    </ClInclude>
    <ClInclude Include="Source\Slate\Widgets\SceneManagerWidget.h">
      <Filter>Source\Slate\Widgets</Filter>
    </ClInclude>
    <ClInclude Include="Source\Slate\Widgets\TargetActorTransformWidget.h">
      <Filter>Source\Slate\Widgets</Filter>
    </ClInclude>
    <ClInclude Include="Source\Slate\Widgets\Widget.h">
      <Filter>Source\Slate\Widgets</Filter>
    </ClInclude>
    <ClInclude Include="Source\Slate\Factory\UIWindowFactory.h">
      <Filter>Source\Slate\Factory</Filter>
    </ClInclude>
    <ClInclude Include="Source\Slate\ImGui\ImGuiHelper.h">
      <Filter>Source\Slate\ImGui</Filter>
    </ClInclude>
    <ClInclude Include="Source\Editor\FbxLoader.h">
      <Filter>Source\Editor</Filter>
    </ClInclude>
    <ClInclude Include="Source\Editor\PlatformProcess.h">
      <Filter>Source\Editor</Filter>
    </ClInclude>
    <ClInclude Include="Source\Editor\PlatformCrashHandler.h">
      <Filter>Source\Editor</Filter>
    </ClInclude>
    <ClInclude Include="Source\Editor\ImGuiConsole.h">
      <Filter>Source\Editor</Filter>
    </ClInclude>
    <ClInclude Include="Source\Editor\ObjManager.h">
      <Filter>Source\Editor</Filter>
    </ClInclude>
    <ClInclude Include="Source\Editor\SelectionManager.h">
      <Filter>Source\Editor</Filter>
    </ClInclude>
    <ClInclude Include="Source\Editor\Clipboard\ClipboardManager.h">
      <Filter>Source\Editor\Clipboard</Filter>
    </ClInclude>
    <ClInclude Include="Source\Editor\Gizmo\GizmoActor.h">
      <Filter>Source\Editor\Gizmo</Filter>
    </ClInclude>
    <ClInclude Include="Source\Editor\Gizmo\GizmoArrowComponent.h">
      <Filter>Source\Editor\Gizmo</Filter>
    </ClInclude>
    <ClInclude Include="Source\Editor\Gizmo\GizmoRotateComponent.h">
      <Filter>Source\Editor\Gizmo</Filter>
    </ClInclude>
    <ClInclude Include="Source\Editor\Gizmo\GizmoScaleComponent.h">
      <Filter>Source\Editor\Gizmo</Filter>
    </ClInclude>
    <ClInclude Include="Source\Editor\Grid\Grid.h">
      <Filter>Source\Editor\Grid</Filter>
    </ClInclude>
    <ClInclude Include="Source\Editor\Grid\GridActor.h">
      <Filter>Source\Editor\Grid</Filter>
    </ClInclude>
    <ClInclude Include="ThirdParty\include\ImGui\imconfig.h">
      <Filter>ThirdParty\include\ImGui</Filter>
    </ClInclude>
    <ClInclude Include="ThirdParty\include\ImGui\imgui.h">
      <Filter>ThirdParty\include\ImGui</Filter>
    </ClInclude>
    <ClInclude Include="ThirdParty\include\ImGui\imgui_curve.hpp">
      <Filter>ThirdParty\include\ImGui</Filter>
    </ClInclude>
    <ClInclude Include="ThirdParty\include\ImGui\imgui_impl_dx11.h">
      <Filter>ThirdParty\include\ImGui</Filter>
    </ClInclude>
    <ClInclude Include="ThirdParty\include\ImGui\imgui_impl_win32.h">
      <Filter>ThirdParty\include\ImGui</Filter>
    </ClInclude>
    <ClInclude Include="ThirdParty\include\ImGui\imgui_internal.h">
      <Filter>ThirdParty\include\ImGui</Filter>
    </ClInclude>
    <ClInclude Include="ThirdParty\include\ImGui\imstb_rectpack.h">
      <Filter>ThirdParty\include\ImGui</Filter>
    </ClInclude>
    <ClInclude Include="ThirdParty\include\ImGui\imstb_textedit.h">
      <Filter>ThirdParty\include\ImGui</Filter>
    </ClInclude>
    <ClInclude Include="ThirdParty\include\ImGui\imstb_truetype.h">
      <Filter>ThirdParty\include\ImGui</Filter>
    </ClInclude>
    <ClInclude Include="ThirdParty\include\DirectXTK\Audio.h">
      <Filter>ThirdParty\include\DirectXTK</Filter>
    </ClInclude>
    <ClInclude Include="ThirdParty\include\DirectXTK\BufferHelpers.h">
      <Filter>ThirdParty\include\DirectXTK</Filter>
    </ClInclude>
    <ClInclude Include="ThirdParty\include\DirectXTK\CommonStates.h">
      <Filter>ThirdParty\include\DirectXTK</Filter>
    </ClInclude>
    <ClInclude Include="ThirdParty\include\DirectXTK\DDSTextureLoader.h">
      <Filter>ThirdParty\include\DirectXTK</Filter>
    </ClInclude>
    <ClInclude Include="ThirdParty\include\DirectXTK\DirectXHelpers.h">
      <Filter>ThirdParty\include\DirectXTK</Filter>
    </ClInclude>
    <ClInclude Include="ThirdParty\include\DirectXTK\Effects.h">
      <Filter>ThirdParty\include\DirectXTK</Filter>
    </ClInclude>
    <ClInclude Include="ThirdParty\include\DirectXTK\GamePad.h">
      <Filter>ThirdParty\include\DirectXTK</Filter>
    </ClInclude>
    <ClInclude Include="ThirdParty\include\DirectXTK\GeometricPrimitive.h">
      <Filter>ThirdParty\include\DirectXTK</Filter>
    </ClInclude>
    <ClInclude Include="ThirdParty\include\DirectXTK\GraphicsMemory.h">
      <Filter>ThirdParty\include\DirectXTK</Filter>
    </ClInclude>
    <ClInclude Include="ThirdParty\include\DirectXTK\Keyboard.h">
      <Filter>ThirdParty\include\DirectXTK</Filter>
    </ClInclude>
    <ClInclude Include="ThirdParty\include\DirectXTK\Model.h">
      <Filter>ThirdParty\include\DirectXTK</Filter>
    </ClInclude>
    <ClInclude Include="ThirdParty\include\DirectXTK\Mouse.h">
      <Filter>ThirdParty\include\DirectXTK</Filter>
    </ClInclude>
    <ClInclude Include="ThirdParty\include\DirectXTK\PostProcess.h">
      <Filter>ThirdParty\include\DirectXTK</Filter>
    </ClInclude>
    <ClInclude Include="ThirdParty\include\DirectXTK\PrimitiveBatch.h">
      <Filter>ThirdParty\include\DirectXTK</Filter>
    </ClInclude>
    <ClInclude Include="ThirdParty\include\DirectXTK\ScreenGrab.h">
      <Filter>ThirdParty\include\DirectXTK</Filter>
    </ClInclude>
    <ClInclude Include="ThirdParty\include\DirectXTK\SimpleMath.h">
      <Filter>ThirdParty\include\DirectXTK</Filter>
    </ClInclude>
    <ClInclude Include="ThirdParty\include\DirectXTK\SpriteBatch.h">
      <Filter>ThirdParty\include\DirectXTK</Filter>
    </ClInclude>
    <ClInclude Include="ThirdParty\include\DirectXTK\SpriteFont.h">
      <Filter>ThirdParty\include\DirectXTK</Filter>
    </ClInclude>
    <ClInclude Include="ThirdParty\include\DirectXTK\VertexTypes.h">
      <Filter>ThirdParty\include\DirectXTK</Filter>
    </ClInclude>
    <ClInclude Include="ThirdParty\include\DirectXTK\WICTextureLoader.h">
      <Filter>ThirdParty\include\DirectXTK</Filter>
    </ClInclude>
    <ClInclude Include="ThirdParty\include\DirectXTK\XboxDDSTextureLoader.h">
      <Filter>ThirdParty\include\DirectXTK</Filter>
    </ClInclude>
    <ClInclude Include="ThirdParty\include\Lua\lauxlib.h">
      <Filter>ThirdParty\include\Lua</Filter>
    </ClInclude>
    <ClInclude Include="ThirdParty\include\Lua\lua.h">
      <Filter>ThirdParty\include\Lua</Filter>
    </ClInclude>
    <ClInclude Include="ThirdParty\include\Lua\lua.hpp">
      <Filter>ThirdParty\include\Lua</Filter>
    </ClInclude>
    <ClInclude Include="ThirdParty\include\Lua\luaconf.h">
      <Filter>ThirdParty\include\Lua</Filter>
    </ClInclude>
    <ClInclude Include="ThirdParty\include\Lua\lualib.h">
      <Filter>ThirdParty\include\Lua</Filter>
    </ClInclude>
    <ClInclude Include="Generated\AActor.generated.h">
      <Filter>Generated</Filter>
    </ClInclude>
    <ClInclude Include="Generated\AAmbientLightActor.generated.h">
      <Filter>Generated</Filter>
    </ClInclude>
    <ClInclude Include="Generated\ACameraActor.generated.h">
      <Filter>Generated</Filter>
    </ClInclude>
    <ClInclude Include="Generated\ADecalActor.generated.h">
      <Filter>Generated</Filter>
    </ClInclude>
    <ClInclude Include="Generated\ADirectionalLightActor.generated.h">
      <Filter>Generated</Filter>
    </ClInclude>
    <ClInclude Include="Generated\AEmptyActor.generated.h">
      <Filter>Generated</Filter>
    </ClInclude>
    <ClInclude Include="Generated\AFakeSpotLightActor.generated.h">
      <Filter>Generated</Filter>
    </ClInclude>
    <ClInclude Include="Generated\AFireBallActor.generated.h">
      <Filter>Generated</Filter>
    </ClInclude>
    <ClInclude Include="Generated\AHeightFogActor.generated.h">
      <Filter>Generated</Filter>
    </ClInclude>
    <ClInclude Include="Generated\APlayerCameraManager.generated.h">
      <Filter>Generated</Filter>
    </ClInclude>
    <ClInclude Include="Generated\APointLightActor.generated.h">
      <Filter>Generated</Filter>
    </ClInclude>
    <ClInclude Include="Generated\ASpotLightActor.generated.h">
      <Filter>Generated</Filter>
    </ClInclude>
    <ClInclude Include="Generated\AStaticMeshActor.generated.h">
      <Filter>Generated</Filter>
    </ClInclude>
    <ClInclude Include="Generated\UActorComponent.generated.h">
      <Filter>Generated</Filter>
    </ClInclude>
    <ClInclude Include="Generated\UAmbientLightComponent.generated.h">
      <Filter>Generated</Filter>
    </ClInclude>
    <ClInclude Include="Generated\UAudioComponent.generated.h">
      <Filter>Generated</Filter>
    </ClInclude>
    <ClInclude Include="Generated\UBillboardComponent.generated.h">
      <Filter>Generated</Filter>
    </ClInclude>
    <ClInclude Include="Generated\UBoxComponent.generated.h">
      <Filter>Generated</Filter>
    </ClInclude>
    <ClInclude Include="Generated\UCameraComponent.generated.h">
      <Filter>Generated</Filter>
    </ClInclude>
    <ClInclude Include="Generated\UCapsuleComponent.generated.h">
      <Filter>Generated</Filter>
    </ClInclude>
    <ClInclude Include="Generated\UDecalComponent.generated.h">
      <Filter>Generated</Filter>
    </ClInclude>
    <ClInclude Include="Generated\UDirectionalLightComponent.generated.h">
      <Filter>Generated</Filter>
    </ClInclude>
    <ClInclude Include="Generated\UHeightFogComponent.generated.h">
      <Filter>Generated</Filter>
    </ClInclude>
    <ClInclude Include="Generated\ULightComponent.generated.h">
      <Filter>Generated</Filter>
    </ClInclude>
    <ClInclude Include="Generated\ULightComponentBase.generated.h">
      <Filter>Generated</Filter>
    </ClInclude>
    <ClInclude Include="Generated\ULocalLightComponent.generated.h">
      <Filter>Generated</Filter>
    </ClInclude>
    <ClInclude Include="Generated\ULuaScriptComponent.generated.h">
      <Filter>Generated</Filter>
    </ClInclude>
    <ClInclude Include="Generated\UPerspectiveDecalComponent.generated.h">
      <Filter>Generated</Filter>
    </ClInclude>
    <ClInclude Include="Generated\UPointLightComponent.generated.h">
      <Filter>Generated</Filter>
    </ClInclude>
    <ClInclude Include="Generated\UPrimitiveComponent.generated.h">
      <Filter>Generated</Filter>
    </ClInclude>
    <ClInclude Include="Generated\UProjectileMovementComponent.generated.h">
      <Filter>Generated</Filter>
    </ClInclude>
    <ClInclude Include="Generated\URotatingMovementComponent.generated.h">
      <Filter>Generated</Filter>
    </ClInclude>
    <ClInclude Include="Generated\USceneComponent.generated.h">
      <Filter>Generated</Filter>
    </ClInclude>
    <ClInclude Include="Generated\UShapeComponent.generated.h">
      <Filter>Generated</Filter>
    </ClInclude>
    <ClInclude Include="Generated\USphereComponent.generated.h">
      <Filter>Generated</Filter>
    </ClInclude>
    <ClInclude Include="Generated\USpotLightComponent.generated.h">
      <Filter>Generated</Filter>
    </ClInclude>
    <ClInclude Include="Generated\UStaticMeshComponent.generated.h">
      <Filter>Generated</Filter>
    </ClInclude>
    <ClInclude Include="Generated\USkinnedMeshComponent.generated.h">
      <Filter>Generated</Filter>
    </ClInclude>
    <ClInclude Include="Generated\USkeletalMeshComponent.generated.h">
      <Filter>Generated</Filter>
    </ClInclude>
    <ClInclude Include="Generated\UTextRenderComponent.generated.h">
      <Filter>Generated</Filter>
    </ClInclude>
    <ClInclude Include="Generated\UMeshComponent.generated.h">
      <Filter>Generated</Filter>
    </ClInclude>
    <ClInclude Include="Generated\ASkinnedMeshActor.generated.h">
      <Filter>Generated</Filter>
    </ClInclude>
    <ClInclude Include="Generated\ASkeletalMeshActor.generated.h">
      <Filter>Generated</Filter>
    </ClInclude>
    <ClInclude Include="Generated\UMovementComponent.generated.h">
      <Filter>Generated</Filter>
    </ClInclude>
    <ClInclude Include="Generated\AInfo.generated.h">
      <Filter>Generated</Filter>
    </ClInclude>
    <ClInclude Include="Generated\UAnimDataModel.generated.h">
      <Filter>Generated</Filter>
    </ClInclude>
    <ClInclude Include="Generated\UAnimationAsset.generated.h">
      <Filter>Generated</Filter>
    </ClInclude>
    <ClInclude Include="Generated\UAnimSequence.generated.h">
      <Filter>Generated</Filter>
    </ClInclude>
    <ClInclude Include="Generated\UAnimSequenceBase.generated.h">
      <Filter>Generated</Filter>
    </ClInclude>
    <ClInclude Include="Generated\UAnimInstance.generated.h">
      <Filter>Generated</Filter>
    </ClInclude>
    <ClInclude Include="Generated\UAnimSingleNodeInstance.generated.h">
      <Filter>Generated</Filter>
    </ClInclude>
    <ClInclude Include="Generated\UAnimStateMachineInstance.generated.h">
      <Filter>Generated</Filter>
    </ClInclude>
    <ClInclude Include="Generated\AController.generated.h">
      <Filter>Generated</Filter>
    </ClInclude>
    <ClInclude Include="Generated\APlayerController.generated.h">
      <Filter>Generated</Filter>
    </ClInclude>
    <ClInclude Include="Generated\UInputComponent.generated.h">
      <Filter>Generated</Filter>
    </ClInclude>
    <ClInclude Include="Generated\APawn.generated.h">
      <Filter>Generated</Filter>
    </ClInclude>
    <ClInclude Include="Generated\UCharacterMovementComponent.generated.h">
      <Filter>Generated</Filter>
    </ClInclude>
    <ClInclude Include="Generated\ACharacter.generated.h">
      <Filter>Generated</Filter>
    </ClInclude>
    <ClInclude Include="Generated\USpringArmComponent.generated.h">
      <Filter>Generated</Filter>
    </ClInclude>
    <ClInclude Include="Generated\AGameModeBase.generated.h">
      <Filter>Generated</Filter>
    </ClInclude>
    <ClInclude Include="Generated\AGameStateBase.generated.h">
      <Filter>Generated</Filter>
    </ClInclude>
    <ClInclude Include="Generated\UAnimBlendSpaceInstance.generated.h">
      <Filter>Generated</Filter>
    </ClInclude>
    <ClInclude Include="Generated\ADancingCharacter.generated.h">
      <Filter>Generated</Filter>
    </ClInclude>
    <ClInclude Include="Source\Runtime\Engine\Scripting\LuaMapProxy.h" />
    <ClInclude Include="Source\Runtime\Engine\Scripting\LuaObjectProxyHelpers.h" />
    <ClInclude Include="Source\Runtime\Engine\Scripting\LuaStructProxy.h" />
    <ClInclude Include="Source\Runtime\Engine\Scripting\LuaArrayProxy.h" />
    <ClInclude Include="Generated\UPropertyTestComponent.generated.h">
      <Filter>Generated</Filter>
    </ClInclude>
    <ClInclude Include="Generated\EnumRegistry.generated.h">
      <Filter>Generated</Filter>
    </ClInclude>
    <ClInclude Include="Generated\FTestStruct.generated.h">
      <Filter>Generated</Filter>
    </ClInclude>
  </ItemGroup>
  <ItemGroup>
    <None Include="BuildTools\CodeGenerator\generate.py">
      <Filter>BuildTools\CodeGenerator</Filter>
    </None>
    <None Include="BuildTools\CodeGenerator\lua_generator.py">
      <Filter>BuildTools\CodeGenerator</Filter>
    </None>
    <None Include="BuildTools\CodeGenerator\parser.py">
      <Filter>BuildTools\CodeGenerator</Filter>
    </None>
    <None Include="BuildTools\CodeGenerator\property_generator.py">
      <Filter>BuildTools\CodeGenerator</Filter>
    </None>
  </ItemGroup>
  <ItemGroup>
    <Filter Include="Source">
      <UniqueIdentifier>{cbf1064a-3b49-4857-9da8-79d42727e7cc}</UniqueIdentifier>
    </Filter>
    <Filter Include="Source\Runtime">
      <UniqueIdentifier>{c351996b-804d-446d-b410-8afc7390ee73}</UniqueIdentifier>
    </Filter>
    <Filter Include="Source\Runtime\Engine">
      <UniqueIdentifier>{51927245-b379-4587-b168-5cabb65d68ba}</UniqueIdentifier>
    </Filter>
    <Filter Include="Source\Runtime\Engine\Animation">
      <UniqueIdentifier>{888da138-7729-49c1-a87a-7d19d3966306}</UniqueIdentifier>
    </Filter>
    <Filter Include="Source\Runtime\Engine\Components">
      <UniqueIdentifier>{23911c56-0470-4603-984e-513c4d362066}</UniqueIdentifier>
    </Filter>
    <Filter Include="Source\Runtime\Engine\GameFramework">
      <UniqueIdentifier>{65e7b7e5-11e0-4d45-a98a-c728b4bc5810}</UniqueIdentifier>
    </Filter>
    <Filter Include="Source\Runtime\Engine\GameFramework\Camera">
      <UniqueIdentifier>{cde57473-d01d-4fe9-912f-b77f57e71747}</UniqueIdentifier>
    </Filter>
    <Filter Include="Source\Runtime\Engine\Viewer">
      <UniqueIdentifier>{7f9c424c-8832-46a3-b7b0-6fdb86339b01}</UniqueIdentifier>
    </Filter>
    <Filter Include="Source\Runtime\Engine\Scripting">
      <UniqueIdentifier>{ffe0e46a-c187-49b6-b473-a72b00f01bc0}</UniqueIdentifier>
    </Filter>
    <Filter Include="Source\Runtime\Engine\Audio">
      <UniqueIdentifier>{a83d1a35-8e77-4af8-a7e9-4dc8fe98954c}</UniqueIdentifier>
    </Filter>
    <Filter Include="Source\Runtime\Engine\Collision">
      <UniqueIdentifier>{703e8c26-e963-4653-a22f-81dc97929bd0}</UniqueIdentifier>
    </Filter>
    <Filter Include="Source\Runtime\Engine\Spatial">
      <UniqueIdentifier>{0a756894-6bb8-4911-92f1-7f78b8502186}</UniqueIdentifier>
    </Filter>
    <Filter Include="Source\Runtime\Renderer">
      <UniqueIdentifier>{739ef8b6-6b80-4d55-b718-cea114b2966d}</UniqueIdentifier>
    </Filter>
    <Filter Include="Source\Runtime\Renderer\PostProcessing">
      <UniqueIdentifier>{3104d89a-dc86-4601-9d19-b19af9bbfc50}</UniqueIdentifier>
    </Filter>
    <Filter Include="Source\Runtime\AssetManagement">
      <UniqueIdentifier>{70db792f-c0e4-4241-8225-64a574dc212e}</UniqueIdentifier>
    </Filter>
    <Filter Include="Source\Runtime\Core">
      <UniqueIdentifier>{ad999f60-dda0-4f91-a7f0-e726f3ec76c8}</UniqueIdentifier>
    </Filter>
    <Filter Include="Source\Runtime\Core\Misc">
      <UniqueIdentifier>{79a331e4-aa66-4e1e-933b-d98b58470c21}</UniqueIdentifier>
    </Filter>
    <Filter Include="Source\Runtime\Core\Math">
      <UniqueIdentifier>{ee53a900-528f-47dc-8871-fda0c889016c}</UniqueIdentifier>
    </Filter>
    <Filter Include="Source\Runtime\Core\Object">
      <UniqueIdentifier>{12aa2444-5971-44b0-a5d6-c8c9b7e946b2}</UniqueIdentifier>
    </Filter>
    <Filter Include="Source\Runtime\Core\Containers">
      <UniqueIdentifier>{abac488a-b5ee-408d-b62b-045f76e4441f}</UniqueIdentifier>
    </Filter>
    <Filter Include="Source\Runtime\Core\Memory">
      <UniqueIdentifier>{bc078acf-a17b-475e-b633-293ffd98ce89}</UniqueIdentifier>
    </Filter>
    <Filter Include="Source\Runtime\InputCore">
      <UniqueIdentifier>{e8d45d6e-31b4-4b72-a818-d17c98d34d6b}</UniqueIdentifier>
    </Filter>
    <Filter Include="Source\Runtime\RHI">
      <UniqueIdentifier>{11e3c9ee-8cb4-44f3-8af1-2177d42bea03}</UniqueIdentifier>
    </Filter>
    <Filter Include="Source\Slate">
      <UniqueIdentifier>{6298fd71-1cb5-4748-97be-7ea4bf616d70}</UniqueIdentifier>
    </Filter>
    <Filter Include="Source\Slate\Windows">
      <UniqueIdentifier>{49d97ef3-ba5b-43f0-aec9-1d6246ebd241}</UniqueIdentifier>
    </Filter>
    <Filter Include="Source\Slate\Widgets">
      <UniqueIdentifier>{a4098f7a-addf-4299-821b-88871ea8e5f6}</UniqueIdentifier>
    </Filter>
    <Filter Include="Source\Slate\Factory">
      <UniqueIdentifier>{3c6b91ac-40f9-4a8b-86f9-aa8ed31acf32}</UniqueIdentifier>
    </Filter>
    <Filter Include="Source\Slate\ImGui">
      <UniqueIdentifier>{01d3254f-6a1a-41fa-bd71-c27f23341e3a}</UniqueIdentifier>
    </Filter>
    <Filter Include="Source\Editor">
      <UniqueIdentifier>{32e2b1cc-1124-4b6c-a7ff-3d16689d4a7a}</UniqueIdentifier>
    </Filter>
    <Filter Include="Source\Editor\Clipboard">
      <UniqueIdentifier>{cdec91bd-1c70-46bb-8d91-32eff1cbedbe}</UniqueIdentifier>
    </Filter>
    <Filter Include="Source\Editor\Gizmo">
      <UniqueIdentifier>{f5c8bb5d-25b5-4b3a-a800-f49edd85353b}</UniqueIdentifier>
    </Filter>
    <Filter Include="Source\Editor\Grid">
      <UniqueIdentifier>{38eb1ce2-4ad9-46c4-98c0-05702f80086b}</UniqueIdentifier>
    </Filter>
    <Filter Include="ThirdParty">
      <UniqueIdentifier>{57a11bf7-033a-45b0-b751-f57b337d659c}</UniqueIdentifier>
    </Filter>
    <Filter Include="ThirdParty\include">
      <UniqueIdentifier>{4125d604-5de1-4b32-8d59-19490f37dd95}</UniqueIdentifier>
    </Filter>
    <Filter Include="ThirdParty\include\ImGui">
      <UniqueIdentifier>{7d1e9138-5915-46ff-be37-ae595a569cfa}</UniqueIdentifier>
    </Filter>
    <Filter Include="ThirdParty\include\DirectXTK">
      <UniqueIdentifier>{f909cc94-66a0-4209-a960-ebf6a66d2da3}</UniqueIdentifier>
    </Filter>
    <Filter Include="ThirdParty\include\Lua">
      <UniqueIdentifier>{650c1543-13ce-4a9b-84cf-315cee938fbe}</UniqueIdentifier>
    </Filter>
    <Filter Include="Generated">
      <UniqueIdentifier>{19909367-7839-40e4-aea3-89de7369abc3}</UniqueIdentifier>
    </Filter>
    <Filter Include="Shaders">
      <UniqueIdentifier>{bc614860-eefd-4647-9ce2-4b2ef482d0ad}</UniqueIdentifier>
    </Filter>
    <Filter Include="Shaders\PostProcess">
      <UniqueIdentifier>{c9a0f5b1-942a-4e53-a382-99a32c12052b}</UniqueIdentifier>
    </Filter>
    <Filter Include="Shaders\Materials">
      <UniqueIdentifier>{9bd7a0ae-010e-4014-b02b-b23a35882cf3}</UniqueIdentifier>
    </Filter>
    <Filter Include="Shaders\Shadows">
      <UniqueIdentifier>{b11bd17f-5827-4920-8186-99ca46698850}</UniqueIdentifier>
    </Filter>
    <Filter Include="Shaders\Common">
      <UniqueIdentifier>{7bc46ee3-3c7a-49eb-ad5a-00b67b9778c2}</UniqueIdentifier>
    </Filter>
    <Filter Include="Shaders\UI">
      <UniqueIdentifier>{d0baa3e0-a487-46a1-941c-e1f74b23b765}</UniqueIdentifier>
    </Filter>
    <Filter Include="Shaders\Effects">
      <UniqueIdentifier>{687b4d4d-1835-44a1-b71f-2505d61222f8}</UniqueIdentifier>
    </Filter>
    <Filter Include="Shaders\Utility">
      <UniqueIdentifier>{e8e073e7-be4d-4b7e-a634-a7161ab396e8}</UniqueIdentifier>
    </Filter>
    <Filter Include="BuildTools">
      <UniqueIdentifier>{39be3dc7-6e46-4d61-8f90-4964b23ecea8}</UniqueIdentifier>
    </Filter>
    <Filter Include="BuildTools\CodeGenerator">
      <UniqueIdentifier>{619dd8fa-9356-4fd2-89f2-ff0318cf8f13}</UniqueIdentifier>
    </Filter>
  </ItemGroup>
  <ItemGroup>
    <Text Include="BuildTools\CodeGenerator\requirements.txt">
      <Filter>BuildTools\CodeGenerator</Filter>
    </Text>
  </ItemGroup>
</Project>
